// !$*UTF8*$!
{
	archiveVersion = 1;
	classes = {
	};
	objectVersion = 50;
	objects = {

/* Begin PBXBuildFile section */
		3C1F2F8624C996A900702EEA /* MRFramework.framework in Frameworks */ = {isa = PBXBuildFile; fileRef = 3C1F2F8524C996A900702EEA /* MRFramework.framework */; };
		3C1F2F8824C996FA00702EEA /* MRFramework.framework in CopyFiles */ = {isa = PBXBuildFile; fileRef = 3C1F2F8524C996A900702EEA /* MRFramework.framework */; settings = {ATTRIBUTES = (CodeSignOnCopy, RemoveHeadersOnCopy, ); }; };
		3C3E9AC92480B4870087FD85 /* crypt.c in Sources */ = {isa = PBXBuildFile; fileRef = 3C3E9A532480B4870087FD85 /* crypt.c */; };
		3C3E9ACA2480B4870087FD85 /* unzip.c in Sources */ = {isa = PBXBuildFile; fileRef = 3C3E9A542480B4870087FD85 /* unzip.c */; };
		3C3E9ACB2480B4870087FD85 /* zip.c in Sources */ = {isa = PBXBuildFile; fileRef = 3C3E9A552480B4870087FD85 /* zip.c */; };
		3C3E9ACC2480B4870087FD85 /* ioapi.c in Sources */ = {isa = PBXBuildFile; fileRef = 3C3E9A572480B4870087FD85 /* ioapi.c */; };
		3C3E9ACD2480B4870087FD85 /* ioapi_buf.c in Sources */ = {isa = PBXBuildFile; fileRef = 3C3E9A592480B4870087FD85 /* ioapi_buf.c */; };
		3C3E9ACE2480B4870087FD85 /* ioapi_mem.c in Sources */ = {isa = PBXBuildFile; fileRef = 3C3E9A5D2480B4870087FD85 /* ioapi_mem.c */; };
		3C3E9ACF2480B4870087FD85 /* minishared.c in Sources */ = {isa = PBXBuildFile; fileRef = 3C3E9A5E2480B4870087FD85 /* minishared.c */; };
		3C3E9AD02480B4870087FD85 /* aeskey.c in Sources */ = {isa = PBXBuildFile; fileRef = 3C3E9A642480B4870087FD85 /* aeskey.c */; };
		3C3E9AD12480B4870087FD85 /* hmac.c in Sources */ = {isa = PBXBuildFile; fileRef = 3C3E9A652480B4870087FD85 /* hmac.c */; };
		3C3E9AD22480B4870087FD85 /* aescrypt.c in Sources */ = {isa = PBXBuildFile; fileRef = 3C3E9A682480B4870087FD85 /* aescrypt.c */; };
		3C3E9AD32480B4870087FD85 /* fileenc.c in Sources */ = {isa = PBXBuildFile; fileRef = 3C3E9A692480B4870087FD85 /* fileenc.c */; };
		3C3E9AD42480B4870087FD85 /* sha1.c in Sources */ = {isa = PBXBuildFile; fileRef = 3C3E9A6B2480B4870087FD85 /* sha1.c */; };
		3C3E9AD52480B4870087FD85 /* aes_ni.c in Sources */ = {isa = PBXBuildFile; fileRef = 3C3E9A6E2480B4870087FD85 /* aes_ni.c */; };
		3C3E9AD62480B4870087FD85 /* prng.c in Sources */ = {isa = PBXBuildFile; fileRef = 3C3E9A702480B4870087FD85 /* prng.c */; };
		3C3E9AD72480B4870087FD85 /* pwd2key.c in Sources */ = {isa = PBXBuildFile; fileRef = 3C3E9A722480B4870087FD85 /* pwd2key.c */; };
		3C3E9AD82480B4870087FD85 /* aestab.c in Sources */ = {isa = PBXBuildFile; fileRef = 3C3E9A732480B4870087FD85 /* aestab.c */; };
		3C3E9AD92480B4870087FD85 /* SSZipArchive.m in Sources */ = {isa = PBXBuildFile; fileRef = 3C3E9A782480B4870087FD85 /* SSZipArchive.m */; };
		3C3E9ADA2480B4870087FD85 /* UIViewController+Extension.m in Sources */ = {isa = PBXBuildFile; fileRef = 3C3E9A7C2480B4870087FD85 /* UIViewController+Extension.m */; };
		3C3E9ADB2480B4870087FD85 /* MRIndicatorView.m in Sources */ = {isa = PBXBuildFile; fileRef = 3C3E9A7E2480B4870087FD85 /* MRIndicatorView.m */; };
		3C3E9ADC2480B4870087FD85 /* MRHomeViewController.m in Sources */ = {isa = PBXBuildFile; fileRef = 3C3E9A812480B4870087FD85 /* MRHomeViewController.m */; };
		3C3E9ADD2480B4870087FD85 /* MRHomeViewController.xib in Resources */ = {isa = PBXBuildFile; fileRef = 3C3E9A822480B4870087FD85 /* MRHomeViewController.xib */; };
		3C3E9ADE2480B4870087FD85 /* MrHomeViewCell.m in Sources */ = {isa = PBXBuildFile; fileRef = 3C3E9A832480B4870087FD85 /* MrHomeViewCell.m */; };
		3C3E9ADF2480B4870087FD85 /* MRHomeViewController+Methods.m in Sources */ = {isa = PBXBuildFile; fileRef = 3C3E9A842480B4870087FD85 /* MRHomeViewController+Methods.m */; };
		3C3E9AE02480B4870087FD85 /* MRHomeViewModel.m in Sources */ = {isa = PBXBuildFile; fileRef = 3C3E9A852480B4870087FD85 /* MRHomeViewModel.m */; };
		3C3E9AE12480B4870087FD85 /* MRHomeViewCell.xib in Resources */ = {isa = PBXBuildFile; fileRef = 3C3E9A892480B4870087FD85 /* MRHomeViewCell.xib */; };
		3C3E9AE22480B4870087FD85 /* MRHomeView.m in Sources */ = {isa = PBXBuildFile; fileRef = 3C3E9A8B2480B4870087FD85 /* MRHomeView.m */; };
		3C3E9AE32480B4870087FD85 /* DeviceManagerViewModel.m in Sources */ = {isa = PBXBuildFile; fileRef = 3C3E9A932480B4870087FD85 /* DeviceManagerViewModel.m */; };
		3C3E9AE42480B4870087FD85 /* DeviceManagerViewController.xib in Resources */ = {isa = PBXBuildFile; fileRef = 3C3E9A942480B4870087FD85 /* DeviceManagerViewController.xib */; };
		3C3E9AE52480B4870087FD85 /* DeviceManagerViewController.m in Sources */ = {isa = PBXBuildFile; fileRef = 3C3E9A952480B4870087FD85 /* DeviceManagerViewController.m */; };
		3C3E9AE62480B4870087FD85 /* DeviceManagerView.m in Sources */ = {isa = PBXBuildFile; fileRef = 3C3E9A962480B4870087FD85 /* DeviceManagerView.m */; };
		3C3E9AE72480B4870087FD85 /* DeviceManagerViewCell.xib in Resources */ = {isa = PBXBuildFile; fileRef = 3C3E9A972480B4870087FD85 /* DeviceManagerViewCell.xib */; };
		3C3E9AE82480B4870087FD85 /* DeviceManagerViewController+Methods.m in Sources */ = {isa = PBXBuildFile; fileRef = 3C3E9A982480B4870087FD85 /* DeviceManagerViewController+Methods.m */; };
		3C3E9AE92480B4870087FD85 /* DeviceManagerViewCell.m in Sources */ = {isa = PBXBuildFile; fileRef = 3C3E9A992480B4870087FD85 /* DeviceManagerViewCell.m */; };
		3C3E9AEA2480B4870087FD85 /* DeviceUpgradeViewController.strings in Resources */ = {isa = PBXBuildFile; fileRef = 3C3E9A9B2480B4870087FD85 /* DeviceUpgradeViewController.strings */; };
		3C3E9AEB2480B4870087FD85 /* DeviceUpgradeViewController.m in Sources */ = {isa = PBXBuildFile; fileRef = 3C3E9A9E2480B4870087FD85 /* DeviceUpgradeViewController.m */; };
		3C3E9AEC2480B4870087FD85 /* DeviceUpgradeViewController.xib in Resources */ = {isa = PBXBuildFile; fileRef = 3C3E9A9F2480B4870087FD85 /* DeviceUpgradeViewController.xib */; };
		3C3E9AED2480B4870087FD85 /* SyncDailyViewController.xib in Resources */ = {isa = PBXBuildFile; fileRef = 3C3E9AA42480B4870087FD85 /* SyncDailyViewController.xib */; };
		3C3E9AEE2480B4870087FD85 /* SyncDailyViewController.m in Sources */ = {isa = PBXBuildFile; fileRef = 3C3E9AA52480B4870087FD85 /* SyncDailyViewController.m */; };
		3C3E9AEF2480B4870087FD85 /* MegaRingV2_V7964.zip in Resources */ = {isa = PBXBuildFile; fileRef = 3C3E9AA82480B4870087FD85 /* MegaRingV2_V7964.zip */; };
		3C3E9AF02480B4870087FD85 /* MegaRingV3_V9154.zip in Resources */ = {isa = PBXBuildFile; fileRef = 3C3E9AA92480B4870087FD85 /* MegaRingV3_V9154.zip */; };
		3C3E9AF92480B4870087FD85 /* Localizable.strings in Resources */ = {isa = PBXBuildFile; fileRef = 3C3E9AB72480B4870087FD85 /* Localizable.strings */; };
		3C3E9AFA2480B4870087FD85 /* InfoPlist.strings in Resources */ = {isa = PBXBuildFile; fileRef = 3C3E9AB92480B4870087FD85 /* InfoPlist.strings */; };
		3C3E9AFB2480B4870087FD85 /* LocalStringKeys.m in Sources */ = {isa = PBXBuildFile; fileRef = 3C3E9ABD2480B4870087FD85 /* LocalStringKeys.m */; };
		3C3E9AFC2480B4870087FD85 /* MRDefaultView.strings in Resources */ = {isa = PBXBuildFile; fileRef = 3C3E9AC02480B4870087FD85 /* MRDefaultView.strings */; };
		3C3E9AFD2480B4870087FD85 /* MRDefaultView.xib in Resources */ = {isa = PBXBuildFile; fileRef = 3C3E9AC52480B4870087FD85 /* MRDefaultView.xib */; };
		3C3E9AFE2480B4870087FD85 /* IBCustomView.m in Sources */ = {isa = PBXBuildFile; fileRef = 3C3E9AC72480B4870087FD85 /* IBCustomView.m */; };
		3C3E9AFF2480B4870087FD85 /* MRDefaultView.m in Sources */ = {isa = PBXBuildFile; fileRef = 3C3E9AC82480B4870087FD85 /* MRDefaultView.m */; };
		3C3E9B012480B7FB0087FD85 /* README-zh.md in Resources */ = {isa = PBXBuildFile; fileRef = 3C3E9B002480B7FB0087FD85 /* README-zh.md */; };
		3C4859A12509DF550018FDA2 /* README.md in Resources */ = {isa = PBXBuildFile; fileRef = 3C4859A02509DF550018FDA2 /* README.md */; };
		3CEC1A5024B2FF7700A87AB0 /* test1 in Resources */ = {isa = PBXBuildFile; fileRef = 3CEC1A4624B2FF7700A87AB0 /* test1 */; };
		3CEC1A5124B2FF7700A87AB0 /* err_data in Resources */ = {isa = PBXBuildFile; fileRef = 3CEC1A4724B2FF7700A87AB0 /* err_data */; };
		3CEC1A5224B2FF7700A87AB0 /* test2 in Resources */ = {isa = PBXBuildFile; fileRef = 3CEC1A4824B2FF7700A87AB0 /* test2 */; };
		3CEC1A5424B2FF7700A87AB0 /* circul_5ec2376b73e25500087c8f32 in Resources */ = {isa = PBXBuildFile; fileRef = 3CEC1A4B24B2FF7700A87AB0 /* circul_5ec2376b73e25500087c8f32 */; };
		3CEC1A5524B2FF7700A87AB0 /* circul_5ec23768c96f350009160aed in Resources */ = {isa = PBXBuildFile; fileRef = 3CEC1A4C24B2FF7700A87AB0 /* circul_5ec23768c96f350009160aed */; };
		3CEC1A5624B2FF7700A87AB0 /* dailydata20200421 in Resources */ = {isa = PBXBuildFile; fileRef = 3CEC1A4E24B2FF7700A87AB0 /* dailydata20200421 */; };
		3CEC1A5724B2FF7700A87AB0 /* sdkdata_1557202185 in Resources */ = {isa = PBXBuildFile; fileRef = 3CEC1A4F24B2FF7700A87AB0 /* sdkdata_1557202185 */; };
		3CEC1A5924B2FFA000A87AB0 /* ble_18_07_18_06_51_59.bin in Resources */ = {isa = PBXBuildFile; fileRef = 3CEC1A5824B2FFA000A87AB0 /* ble_18_07_18_06_51_59.bin */; };
		CF408681209C026F00E3E8E7 /* MRNavigarionController.m in Sources */ = {isa = PBXBuildFile; fileRef = CF408680209C026F00E3E8E7 /* MRNavigarionController.m */; };
		CF665A15209B181A009EF6A6 /* AppDelegate.m in Sources */ = {isa = PBXBuildFile; fileRef = CF665A14209B181A009EF6A6 /* AppDelegate.m */; };
		CF665A1B209B181A009EF6A6 /* Main.storyboard in Resources */ = {isa = PBXBuildFile; fileRef = CF665A19209B181A009EF6A6 /* Main.storyboard */; };
		CF665A1D209B181B009EF6A6 /* Assets.xcassets in Resources */ = {isa = PBXBuildFile; fileRef = CF665A1C209B181B009EF6A6 /* Assets.xcassets */; };
		CF665A20209B181B009EF6A6 /* LaunchScreen.storyboard in Resources */ = {isa = PBXBuildFile; fileRef = CF665A1E209B181B009EF6A6 /* LaunchScreen.storyboard */; };
		CF665A23209B181B009EF6A6 /* main.m in Sources */ = {isa = PBXBuildFile; fileRef = CF665A22209B181B009EF6A6 /* main.m */; };
		CF665A2D209B181B009EF6A6 /* MegaRingBLETests.m in Sources */ = {isa = PBXBuildFile; fileRef = CF665A2C209B181B009EF6A6 /* MegaRingBLETests.m */; };
		CF665A38209B181B009EF6A6 /* MegaRingBLEUITests.m in Sources */ = {isa = PBXBuildFile; fileRef = CF665A37209B181B009EF6A6 /* MegaRingBLEUITests.m */; };
/* End PBXBuildFile section */

/* Begin PBXContainerItemProxy section */
		CF665A29209B181B009EF6A6 /* PBXContainerItemProxy */ = {
			isa = PBXContainerItemProxy;
			containerPortal = CF665A08209B181A009EF6A6 /* Project object */;
			proxyType = 1;
			remoteGlobalIDString = CF665A0F209B181A009EF6A6;
			remoteInfo = MegaRingBLE;
		};
		CF665A34209B181B009EF6A6 /* PBXContainerItemProxy */ = {
			isa = PBXContainerItemProxy;
			containerPortal = CF665A08209B181A009EF6A6 /* Project object */;
			proxyType = 1;
			remoteGlobalIDString = CF665A0F209B181A009EF6A6;
			remoteInfo = MegaRingBLE;
		};
/* End PBXContainerItemProxy section */

/* Begin PBXCopyFilesBuildPhase section */
		3C1F2F8724C996E900702EEA /* CopyFiles */ = {
			isa = PBXCopyFilesBuildPhase;
			buildActionMask = 2147483647;
			dstPath = "";
			dstSubfolderSpec = 10;
			files = (
				3C1F2F8824C996FA00702EEA /* MRFramework.framework in CopyFiles */,
			);
			runOnlyForDeploymentPostprocessing = 0;
		};
/* End PBXCopyFilesBuildPhase section */

/* Begin PBXFileReference section */
		3C1F2F8524C996A900702EEA /* MRFramework.framework */ = {isa = PBXFileReference; lastKnownFileType = wrapper.framework; path = MRFramework.framework; sourceTree = "<group>"; };
		3C3E9A512480B4870087FD85 /* ZipArchive.h */ = {isa = PBXFileReference; fileEncoding = 4; lastKnownFileType = sourcecode.c.h; path = ZipArchive.h; sourceTree = "<group>"; };
		3C3E9A532480B4870087FD85 /* crypt.c */ = {isa = PBXFileReference; fileEncoding = 4; lastKnownFileType = sourcecode.c.c; path = crypt.c; sourceTree = "<group>"; };
		3C3E9A542480B4870087FD85 /* unzip.c */ = {isa = PBXFileReference; fileEncoding = 4; lastKnownFileType = sourcecode.c.c; path = unzip.c; sourceTree = "<group>"; };
		3C3E9A552480B4870087FD85 /* zip.c */ = {isa = PBXFileReference; fileEncoding = 4; lastKnownFileType = sourcecode.c.c; path = zip.c; sourceTree = "<group>"; };
		3C3E9A562480B4870087FD85 /* minishared.h */ = {isa = PBXFileReference; fileEncoding = 4; lastKnownFileType = sourcecode.c.h; path = minishared.h; sourceTree = "<group>"; };
		3C3E9A572480B4870087FD85 /* ioapi.c */ = {isa = PBXFileReference; fileEncoding = 4; lastKnownFileType = sourcecode.c.c; path = ioapi.c; sourceTree = "<group>"; };
		3C3E9A582480B4870087FD85 /* ioapi_mem.h */ = {isa = PBXFileReference; fileEncoding = 4; lastKnownFileType = sourcecode.c.h; path = ioapi_mem.h; sourceTree = "<group>"; };
		3C3E9A592480B4870087FD85 /* ioapi_buf.c */ = {isa = PBXFileReference; fileEncoding = 4; lastKnownFileType = sourcecode.c.c; path = ioapi_buf.c; sourceTree = "<group>"; };
		3C3E9A5A2480B4870087FD85 /* crypt.h */ = {isa = PBXFileReference; fileEncoding = 4; lastKnownFileType = sourcecode.c.h; path = crypt.h; sourceTree = "<group>"; };
		3C3E9A5B2480B4870087FD85 /* zip.h */ = {isa = PBXFileReference; fileEncoding = 4; lastKnownFileType = sourcecode.c.h; path = zip.h; sourceTree = "<group>"; };
		3C3E9A5C2480B4870087FD85 /* unzip.h */ = {isa = PBXFileReference; fileEncoding = 4; lastKnownFileType = sourcecode.c.h; path = unzip.h; sourceTree = "<group>"; };
		3C3E9A5D2480B4870087FD85 /* ioapi_mem.c */ = {isa = PBXFileReference; fileEncoding = 4; lastKnownFileType = sourcecode.c.c; path = ioapi_mem.c; sourceTree = "<group>"; };
		3C3E9A5E2480B4870087FD85 /* minishared.c */ = {isa = PBXFileReference; fileEncoding = 4; lastKnownFileType = sourcecode.c.c; path = minishared.c; sourceTree = "<group>"; };
		3C3E9A5F2480B4870087FD85 /* ioapi.h */ = {isa = PBXFileReference; fileEncoding = 4; lastKnownFileType = sourcecode.c.h; path = ioapi.h; sourceTree = "<group>"; };
		3C3E9A602480B4870087FD85 /* ioapi_buf.h */ = {isa = PBXFileReference; fileEncoding = 4; lastKnownFileType = sourcecode.c.h; path = ioapi_buf.h; sourceTree = "<group>"; };
		3C3E9A622480B4870087FD85 /* prng.h */ = {isa = PBXFileReference; fileEncoding = 4; lastKnownFileType = sourcecode.c.h; path = prng.h; sourceTree = "<group>"; };
		3C3E9A632480B4870087FD85 /* aes_ni.h */ = {isa = PBXFileReference; fileEncoding = 4; lastKnownFileType = sourcecode.c.h; path = aes_ni.h; sourceTree = "<group>"; };
		3C3E9A642480B4870087FD85 /* aeskey.c */ = {isa = PBXFileReference; fileEncoding = 4; lastKnownFileType = sourcecode.c.c; path = aeskey.c; sourceTree = "<group>"; };
		3C3E9A652480B4870087FD85 /* hmac.c */ = {isa = PBXFileReference; fileEncoding = 4; lastKnownFileType = sourcecode.c.c; path = hmac.c; sourceTree = "<group>"; };
		3C3E9A662480B4870087FD85 /* aestab.h */ = {isa = PBXFileReference; fileEncoding = 4; lastKnownFileType = sourcecode.c.h; path = aestab.h; sourceTree = "<group>"; };
		3C3E9A672480B4870087FD85 /* pwd2key.h */ = {isa = PBXFileReference; fileEncoding = 4; lastKnownFileType = sourcecode.c.h; path = pwd2key.h; sourceTree = "<group>"; };
		3C3E9A682480B4870087FD85 /* aescrypt.c */ = {isa = PBXFileReference; fileEncoding = 4; lastKnownFileType = sourcecode.c.c; path = aescrypt.c; sourceTree = "<group>"; };
		3C3E9A692480B4870087FD85 /* fileenc.c */ = {isa = PBXFileReference; fileEncoding = 4; lastKnownFileType = sourcecode.c.c; path = fileenc.c; sourceTree = "<group>"; };
		3C3E9A6A2480B4870087FD85 /* aesopt.h */ = {isa = PBXFileReference; fileEncoding = 4; lastKnownFileType = sourcecode.c.h; path = aesopt.h; sourceTree = "<group>"; };
		3C3E9A6B2480B4870087FD85 /* sha1.c */ = {isa = PBXFileReference; fileEncoding = 4; lastKnownFileType = sourcecode.c.c; path = sha1.c; sourceTree = "<group>"; };
		3C3E9A6C2480B4870087FD85 /* brg_types.h */ = {isa = PBXFileReference; fileEncoding = 4; lastKnownFileType = sourcecode.c.h; path = brg_types.h; sourceTree = "<group>"; };
		3C3E9A6D2480B4870087FD85 /* hmac.h */ = {isa = PBXFileReference; fileEncoding = 4; lastKnownFileType = sourcecode.c.h; path = hmac.h; sourceTree = "<group>"; };
		3C3E9A6E2480B4870087FD85 /* aes_ni.c */ = {isa = PBXFileReference; fileEncoding = 4; lastKnownFileType = sourcecode.c.c; path = aes_ni.c; sourceTree = "<group>"; };
		3C3E9A6F2480B4870087FD85 /* brg_endian.h */ = {isa = PBXFileReference; fileEncoding = 4; lastKnownFileType = sourcecode.c.h; path = brg_endian.h; sourceTree = "<group>"; };
		3C3E9A702480B4870087FD85 /* prng.c */ = {isa = PBXFileReference; fileEncoding = 4; lastKnownFileType = sourcecode.c.c; path = prng.c; sourceTree = "<group>"; };
		3C3E9A712480B4870087FD85 /* aes.h */ = {isa = PBXFileReference; fileEncoding = 4; lastKnownFileType = sourcecode.c.h; path = aes.h; sourceTree = "<group>"; };
		3C3E9A722480B4870087FD85 /* pwd2key.c */ = {isa = PBXFileReference; fileEncoding = 4; lastKnownFileType = sourcecode.c.c; path = pwd2key.c; sourceTree = "<group>"; };
		3C3E9A732480B4870087FD85 /* aestab.c */ = {isa = PBXFileReference; fileEncoding = 4; lastKnownFileType = sourcecode.c.c; path = aestab.c; sourceTree = "<group>"; };
		3C3E9A742480B4870087FD85 /* sha1.h */ = {isa = PBXFileReference; fileEncoding = 4; lastKnownFileType = sourcecode.c.h; path = sha1.h; sourceTree = "<group>"; };
		3C3E9A752480B4870087FD85 /* fileenc.h */ = {isa = PBXFileReference; fileEncoding = 4; lastKnownFileType = sourcecode.c.h; path = fileenc.h; sourceTree = "<group>"; };
		3C3E9A762480B4870087FD85 /* SSZipArchive.h */ = {isa = PBXFileReference; fileEncoding = 4; lastKnownFileType = sourcecode.c.h; path = SSZipArchive.h; sourceTree = "<group>"; };
		3C3E9A772480B4870087FD85 /* SSZipCommon.h */ = {isa = PBXFileReference; fileEncoding = 4; lastKnownFileType = sourcecode.c.h; path = SSZipCommon.h; sourceTree = "<group>"; };
		3C3E9A782480B4870087FD85 /* SSZipArchive.m */ = {isa = PBXFileReference; fileEncoding = 4; lastKnownFileType = sourcecode.c.objc; path = SSZipArchive.m; sourceTree = "<group>"; };
		3C3E9A7A2480B4870087FD85 /* DemoDefines.h */ = {isa = PBXFileReference; fileEncoding = 4; lastKnownFileType = sourcecode.c.h; path = DemoDefines.h; sourceTree = "<group>"; };
		3C3E9A7B2480B4870087FD85 /* MRIndicatorView.h */ = {isa = PBXFileReference; fileEncoding = 4; lastKnownFileType = sourcecode.c.h; path = MRIndicatorView.h; sourceTree = "<group>"; };
		3C3E9A7C2480B4870087FD85 /* UIViewController+Extension.m */ = {isa = PBXFileReference; fileEncoding = 4; lastKnownFileType = sourcecode.c.objc; path = "UIViewController+Extension.m"; sourceTree = "<group>"; };
		3C3E9A7D2480B4870087FD85 /* UIViewController+Extension.h */ = {isa = PBXFileReference; fileEncoding = 4; lastKnownFileType = sourcecode.c.h; path = "UIViewController+Extension.h"; sourceTree = "<group>"; };
		3C3E9A7E2480B4870087FD85 /* MRIndicatorView.m */ = {isa = PBXFileReference; fileEncoding = 4; lastKnownFileType = sourcecode.c.objc; path = MRIndicatorView.m; sourceTree = "<group>"; };
		3C3E9A812480B4870087FD85 /* MRHomeViewController.m */ = {isa = PBXFileReference; fileEncoding = 4; lastKnownFileType = sourcecode.c.objc; path = MRHomeViewController.m; sourceTree = "<group>"; };
		3C3E9A822480B4870087FD85 /* MRHomeViewController.xib */ = {isa = PBXFileReference; fileEncoding = 4; lastKnownFileType = file.xib; path = MRHomeViewController.xib; sourceTree = "<group>"; };
		3C3E9A832480B4870087FD85 /* MrHomeViewCell.m */ = {isa = PBXFileReference; fileEncoding = 4; lastKnownFileType = sourcecode.c.objc; path = MrHomeViewCell.m; sourceTree = "<group>"; };
		3C3E9A842480B4870087FD85 /* MRHomeViewController+Methods.m */ = {isa = PBXFileReference; fileEncoding = 4; lastKnownFileType = sourcecode.c.objc; path = "MRHomeViewController+Methods.m"; sourceTree = "<group>"; };
		3C3E9A852480B4870087FD85 /* MRHomeViewModel.m */ = {isa = PBXFileReference; fileEncoding = 4; lastKnownFileType = sourcecode.c.objc; path = MRHomeViewModel.m; sourceTree = "<group>"; };
		3C3E9A862480B4870087FD85 /* MRHomeView.h */ = {isa = PBXFileReference; fileEncoding = 4; lastKnownFileType = sourcecode.c.h; path = MRHomeView.h; sourceTree = "<group>"; };
		3C3E9A872480B4870087FD85 /* MRHomeViewController.h */ = {isa = PBXFileReference; fileEncoding = 4; lastKnownFileType = sourcecode.c.h; path = MRHomeViewController.h; sourceTree = "<group>"; };
		3C3E9A882480B4870087FD85 /* MRHomeViewController+Methods.h */ = {isa = PBXFileReference; fileEncoding = 4; lastKnownFileType = sourcecode.c.h; path = "MRHomeViewController+Methods.h"; sourceTree = "<group>"; };
		3C3E9A892480B4870087FD85 /* MRHomeViewCell.xib */ = {isa = PBXFileReference; fileEncoding = 4; lastKnownFileType = file.xib; path = MRHomeViewCell.xib; sourceTree = "<group>"; };
		3C3E9A8A2480B4870087FD85 /* MRHomeViewCell.h */ = {isa = PBXFileReference; fileEncoding = 4; lastKnownFileType = sourcecode.c.h; path = MRHomeViewCell.h; sourceTree = "<group>"; };
		3C3E9A8B2480B4870087FD85 /* MRHomeView.m */ = {isa = PBXFileReference; fileEncoding = 4; lastKnownFileType = sourcecode.c.objc; path = MRHomeView.m; sourceTree = "<group>"; };
		3C3E9A8C2480B4870087FD85 /* MRHomeViewModel.h */ = {isa = PBXFileReference; fileEncoding = 4; lastKnownFileType = sourcecode.c.h; path = MRHomeViewModel.h; sourceTree = "<group>"; };
		3C3E9A8E2480B4870087FD85 /* DeviceManagerViewModel.h */ = {isa = PBXFileReference; fileEncoding = 4; lastKnownFileType = sourcecode.c.h; path = DeviceManagerViewModel.h; sourceTree = "<group>"; };
		3C3E9A8F2480B4870087FD85 /* DeviceManagerView.h */ = {isa = PBXFileReference; fileEncoding = 4; lastKnownFileType = sourcecode.c.h; path = DeviceManagerView.h; sourceTree = "<group>"; };
		3C3E9A902480B4870087FD85 /* DeviceManagerViewController.h */ = {isa = PBXFileReference; fileEncoding = 4; lastKnownFileType = sourcecode.c.h; path = DeviceManagerViewController.h; sourceTree = "<group>"; };
		3C3E9A912480B4870087FD85 /* DeviceManagerViewCell.h */ = {isa = PBXFileReference; fileEncoding = 4; lastKnownFileType = sourcecode.c.h; path = DeviceManagerViewCell.h; sourceTree = "<group>"; };
		3C3E9A922480B4870087FD85 /* DeviceManagerViewController+Methods.h */ = {isa = PBXFileReference; fileEncoding = 4; lastKnownFileType = sourcecode.c.h; path = "DeviceManagerViewController+Methods.h"; sourceTree = "<group>"; };
		3C3E9A932480B4870087FD85 /* DeviceManagerViewModel.m */ = {isa = PBXFileReference; fileEncoding = 4; lastKnownFileType = sourcecode.c.objc; path = DeviceManagerViewModel.m; sourceTree = "<group>"; };
		3C3E9A942480B4870087FD85 /* DeviceManagerViewController.xib */ = {isa = PBXFileReference; fileEncoding = 4; lastKnownFileType = file.xib; path = DeviceManagerViewController.xib; sourceTree = "<group>"; };
		3C3E9A952480B4870087FD85 /* DeviceManagerViewController.m */ = {isa = PBXFileReference; fileEncoding = 4; lastKnownFileType = sourcecode.c.objc; path = DeviceManagerViewController.m; sourceTree = "<group>"; };
		3C3E9A962480B4870087FD85 /* DeviceManagerView.m */ = {isa = PBXFileReference; fileEncoding = 4; lastKnownFileType = sourcecode.c.objc; path = DeviceManagerView.m; sourceTree = "<group>"; };
		3C3E9A972480B4870087FD85 /* DeviceManagerViewCell.xib */ = {isa = PBXFileReference; fileEncoding = 4; lastKnownFileType = file.xib; path = DeviceManagerViewCell.xib; sourceTree = "<group>"; };
		3C3E9A982480B4870087FD85 /* DeviceManagerViewController+Methods.m */ = {isa = PBXFileReference; fileEncoding = 4; lastKnownFileType = sourcecode.c.objc; path = "DeviceManagerViewController+Methods.m"; sourceTree = "<group>"; };
		3C3E9A992480B4870087FD85 /* DeviceManagerViewCell.m */ = {isa = PBXFileReference; fileEncoding = 4; lastKnownFileType = sourcecode.c.objc; path = DeviceManagerViewCell.m; sourceTree = "<group>"; };
		3C3E9A9C2480B4870087FD85 /* zh-Hans */ = {isa = PBXFileReference; lastKnownFileType = text.plist.strings; name = "zh-Hans"; path = "zh-Hans.lproj/DeviceUpgradeViewController.strings"; sourceTree = "<group>"; };
		3C3E9A9D2480B4870087FD85 /* en */ = {isa = PBXFileReference; lastKnownFileType = text.plist.strings; name = en; path = en.lproj/DeviceUpgradeViewController.strings; sourceTree = "<group>"; };
		3C3E9A9E2480B4870087FD85 /* DeviceUpgradeViewController.m */ = {isa = PBXFileReference; fileEncoding = 4; lastKnownFileType = sourcecode.c.objc; path = DeviceUpgradeViewController.m; sourceTree = "<group>"; };
		3C3E9AA02480B4870087FD85 /* Base */ = {isa = PBXFileReference; lastKnownFileType = file.xib; name = Base; path = Base.lproj/DeviceUpgradeViewController.xib; sourceTree = "<group>"; };
		3C3E9AA12480B4870087FD85 /* DeviceUpgradeViewController.h */ = {isa = PBXFileReference; fileEncoding = 4; lastKnownFileType = sourcecode.c.h; path = DeviceUpgradeViewController.h; sourceTree = "<group>"; };
		3C3E9AA32480B4870087FD85 /* SyncDailyViewController.h */ = {isa = PBXFileReference; fileEncoding = 4; lastKnownFileType = sourcecode.c.h; path = SyncDailyViewController.h; sourceTree = "<group>"; };
		3C3E9AA42480B4870087FD85 /* SyncDailyViewController.xib */ = {isa = PBXFileReference; fileEncoding = 4; lastKnownFileType = file.xib; path = SyncDailyViewController.xib; sourceTree = "<group>"; };
		3C3E9AA52480B4870087FD85 /* SyncDailyViewController.m */ = {isa = PBXFileReference; fileEncoding = 4; lastKnownFileType = sourcecode.c.objc; path = SyncDailyViewController.m; sourceTree = "<group>"; };
		3C3E9AA82480B4870087FD85 /* MegaRingV2_V7964.zip */ = {isa = PBXFileReference; lastKnownFileType = archive.zip; path = MegaRingV2_V7964.zip; sourceTree = "<group>"; };
		3C3E9AA92480B4870087FD85 /* MegaRingV3_V9154.zip */ = {isa = PBXFileReference; lastKnownFileType = archive.zip; path = MegaRingV3_V9154.zip; sourceTree = "<group>"; };
		3C3E9AB52480B4870087FD85 /* PrefixHeader.pch */ = {isa = PBXFileReference; fileEncoding = 4; lastKnownFileType = sourcecode.c.h; path = PrefixHeader.pch; sourceTree = "<group>"; };
		3C3E9AB82480B4870087FD85 /* zh-Hans */ = {isa = PBXFileReference; lastKnownFileType = text.plist.strings; name = "zh-Hans"; path = "zh-Hans.lproj/Localizable.strings"; sourceTree = "<group>"; };
		3C3E9ABA2480B4870087FD85 /* zh-Hans */ = {isa = PBXFileReference; lastKnownFileType = text.plist.strings; name = "zh-Hans"; path = "zh-Hans.lproj/InfoPlist.strings"; sourceTree = "<group>"; };
		3C3E9ABB2480B4870087FD85 /* en */ = {isa = PBXFileReference; lastKnownFileType = text.plist.strings; name = en; path = en.lproj/Localizable.strings; sourceTree = "<group>"; };
		3C3E9ABC2480B4870087FD85 /* en */ = {isa = PBXFileReference; lastKnownFileType = text.plist.strings; name = en; path = en.lproj/InfoPlist.strings; sourceTree = "<group>"; };
		3C3E9ABD2480B4870087FD85 /* LocalStringKeys.m */ = {isa = PBXFileReference; fileEncoding = 4; lastKnownFileType = sourcecode.c.objc; path = LocalStringKeys.m; sourceTree = "<group>"; };
		3C3E9ABE2480B4870087FD85 /* LocalStringKeys.h */ = {isa = PBXFileReference; fileEncoding = 4; lastKnownFileType = sourcecode.c.h; path = LocalStringKeys.h; sourceTree = "<group>"; };
		3C3E9AC12480B4870087FD85 /* zh-Hans */ = {isa = PBXFileReference; lastKnownFileType = text.plist.strings; name = "zh-Hans"; path = "zh-Hans.lproj/MRDefaultView.strings"; sourceTree = "<group>"; };
		3C3E9AC22480B4870087FD85 /* en */ = {isa = PBXFileReference; lastKnownFileType = text.plist.strings; name = en; path = en.lproj/MRDefaultView.strings; sourceTree = "<group>"; };
		3C3E9AC32480B4870087FD85 /* IBCustomView.h */ = {isa = PBXFileReference; fileEncoding = 4; lastKnownFileType = sourcecode.c.h; path = IBCustomView.h; sourceTree = "<group>"; };
		3C3E9AC42480B4870087FD85 /* MRDefaultView.h */ = {isa = PBXFileReference; fileEncoding = 4; lastKnownFileType = sourcecode.c.h; path = MRDefaultView.h; sourceTree = "<group>"; };
		3C3E9AC62480B4870087FD85 /* Base */ = {isa = PBXFileReference; lastKnownFileType = file.xib; name = Base; path = Base.lproj/MRDefaultView.xib; sourceTree = "<group>"; };
		3C3E9AC72480B4870087FD85 /* IBCustomView.m */ = {isa = PBXFileReference; fileEncoding = 4; lastKnownFileType = sourcecode.c.objc; path = IBCustomView.m; sourceTree = "<group>"; };
		3C3E9AC82480B4870087FD85 /* MRDefaultView.m */ = {isa = PBXFileReference; fileEncoding = 4; lastKnownFileType = sourcecode.c.objc; path = MRDefaultView.m; sourceTree = "<group>"; };
		3C3E9B002480B7FB0087FD85 /* README-zh.md */ = {isa = PBXFileReference; fileEncoding = 4; lastKnownFileType = net.daringfireball.markdown; path = "README-zh.md"; sourceTree = "<group>"; };
		3C4859A02509DF550018FDA2 /* README.md */ = {isa = PBXFileReference; fileEncoding = 4; lastKnownFileType = net.daringfireball.markdown; path = README.md; sourceTree = "<group>"; };
		3CEC1A4624B2FF7700A87AB0 /* test1 */ = {isa = PBXFileReference; lastKnownFileType = file; path = test1; sourceTree = "<group>"; };
		3CEC1A4724B2FF7700A87AB0 /* err_data */ = {isa = PBXFileReference; lastKnownFileType = file; path = err_data; sourceTree = "<group>"; };
		3CEC1A4824B2FF7700A87AB0 /* test2 */ = {isa = PBXFileReference; lastKnownFileType = file; path = test2; sourceTree = "<group>"; };
		3CEC1A4B24B2FF7700A87AB0 /* circul_5ec2376b73e25500087c8f32 */ = {isa = PBXFileReference; lastKnownFileType = file; path = circul_5ec2376b73e25500087c8f32; sourceTree = "<group>"; };
		3CEC1A4C24B2FF7700A87AB0 /* circul_5ec23768c96f350009160aed */ = {isa = PBXFileReference; lastKnownFileType = file; path = circul_5ec23768c96f350009160aed; sourceTree = "<group>"; };
		3CEC1A4E24B2FF7700A87AB0 /* dailydata20200421 */ = {isa = PBXFileReference; lastKnownFileType = file; path = dailydata20200421; sourceTree = "<group>"; };
		3CEC1A4F24B2FF7700A87AB0 /* sdkdata_1557202185 */ = {isa = PBXFileReference; lastKnownFileType = file; path = sdkdata_1557202185; sourceTree = "<group>"; };
		3CEC1A5824B2FFA000A87AB0 /* ble_18_07_18_06_51_59.bin */ = {isa = PBXFileReference; lastKnownFileType = archive.macbinary; path = ble_18_07_18_06_51_59.bin; sourceTree = "<group>"; };
		CF40867F209C026F00E3E8E7 /* MRNavigarionController.h */ = {isa = PBXFileReference; lastKnownFileType = sourcecode.c.h; path = MRNavigarionController.h; sourceTree = "<group>"; };
		CF408680209C026F00E3E8E7 /* MRNavigarionController.m */ = {isa = PBXFileReference; lastKnownFileType = sourcecode.c.objc; path = MRNavigarionController.m; sourceTree = "<group>"; };
		CF665A10209B181A009EF6A6 /* MegaRingBLE.app */ = {isa = PBXFileReference; explicitFileType = wrapper.application; includeInIndex = 0; path = MegaRingBLE.app; sourceTree = BUILT_PRODUCTS_DIR; };
		CF665A13209B181A009EF6A6 /* AppDelegate.h */ = {isa = PBXFileReference; lastKnownFileType = sourcecode.c.h; path = AppDelegate.h; sourceTree = "<group>"; };
		CF665A14209B181A009EF6A6 /* AppDelegate.m */ = {isa = PBXFileReference; lastKnownFileType = sourcecode.c.objc; path = AppDelegate.m; sourceTree = "<group>"; };
		CF665A1A209B181A009EF6A6 /* Base */ = {isa = PBXFileReference; lastKnownFileType = file.storyboard; name = Base; path = Base.lproj/Main.storyboard; sourceTree = "<group>"; };
		CF665A1C209B181B009EF6A6 /* Assets.xcassets */ = {isa = PBXFileReference; lastKnownFileType = folder.assetcatalog; path = Assets.xcassets; sourceTree = "<group>"; };
		CF665A1F209B181B009EF6A6 /* Base */ = {isa = PBXFileReference; lastKnownFileType = file.storyboard; name = Base; path = Base.lproj/LaunchScreen.storyboard; sourceTree = "<group>"; };
		CF665A21209B181B009EF6A6 /* Info.plist */ = {isa = PBXFileReference; lastKnownFileType = text.plist.xml; path = Info.plist; sourceTree = "<group>"; };
		CF665A22209B181B009EF6A6 /* main.m */ = {isa = PBXFileReference; lastKnownFileType = sourcecode.c.objc; path = main.m; sourceTree = "<group>"; };
		CF665A28209B181B009EF6A6 /* MegaRingBLETests.xctest */ = {isa = PBXFileReference; explicitFileType = wrapper.cfbundle; includeInIndex = 0; path = MegaRingBLETests.xctest; sourceTree = BUILT_PRODUCTS_DIR; };
		CF665A2C209B181B009EF6A6 /* MegaRingBLETests.m */ = {isa = PBXFileReference; lastKnownFileType = sourcecode.c.objc; path = MegaRingBLETests.m; sourceTree = "<group>"; };
		CF665A2E209B181B009EF6A6 /* Info.plist */ = {isa = PBXFileReference; lastKnownFileType = text.plist.xml; path = Info.plist; sourceTree = "<group>"; };
		CF665A33209B181B009EF6A6 /* MegaRingBLEUITests.xctest */ = {isa = PBXFileReference; explicitFileType = wrapper.cfbundle; includeInIndex = 0; path = MegaRingBLEUITests.xctest; sourceTree = BUILT_PRODUCTS_DIR; };
		CF665A37209B181B009EF6A6 /* MegaRingBLEUITests.m */ = {isa = PBXFileReference; lastKnownFileType = sourcecode.c.objc; path = MegaRingBLEUITests.m; sourceTree = "<group>"; };
		CF665A39209B181B009EF6A6 /* Info.plist */ = {isa = PBXFileReference; lastKnownFileType = text.plist.xml; path = Info.plist; sourceTree = "<group>"; };
/* End PBXFileReference section */

/* Begin PBXFrameworksBuildPhase section */
		CF665A0D209B181A009EF6A6 /* Frameworks */ = {
			isa = PBXFrameworksBuildPhase;
			buildActionMask = 2147483647;
			files = (
				3C1F2F8624C996A900702EEA /* MRFramework.framework in Frameworks */,
			);
			runOnlyForDeploymentPostprocessing = 0;
		};
		CF665A25209B181B009EF6A6 /* Frameworks */ = {
			isa = PBXFrameworksBuildPhase;
			buildActionMask = 2147483647;
			files = (
			);
			runOnlyForDeploymentPostprocessing = 0;
		};
		CF665A30209B181B009EF6A6 /* Frameworks */ = {
			isa = PBXFrameworksBuildPhase;
			buildActionMask = 2147483647;
			files = (
			);
			runOnlyForDeploymentPostprocessing = 0;
		};
/* End PBXFrameworksBuildPhase section */

/* Begin PBXGroup section */
		3C3E9A4E2480B4870087FD85 /* Contents */ = {
			isa = PBXGroup;
			children = (
				3C3E9A4F2480B4870087FD85 /* Supports */,
				3C3E9A792480B4870087FD85 /* Utils */,
				3C3E9A7F2480B4870087FD85 /* ViewControllers */,
				3C3E9AA62480B4870087FD85 /* Resource */,
				3C3E9ABF2480B4870087FD85 /* Views */,
			);
			path = Contents;
			sourceTree = "<group>";
		};
		3C3E9A4F2480B4870087FD85 /* Supports */ = {
			isa = PBXGroup;
			children = (
				3C3E9A502480B4870087FD85 /* SSZipArchive */,
			);
			path = Supports;
			sourceTree = "<group>";
		};
		3C3E9A502480B4870087FD85 /* SSZipArchive */ = {
			isa = PBXGroup;
			children = (
				3C3E9A512480B4870087FD85 /* ZipArchive.h */,
				3C3E9A522480B4870087FD85 /* minizip */,
				3C3E9A762480B4870087FD85 /* SSZipArchive.h */,
				3C3E9A772480B4870087FD85 /* SSZipCommon.h */,
				3C3E9A782480B4870087FD85 /* SSZipArchive.m */,
			);
			path = SSZipArchive;
			sourceTree = "<group>";
		};
		3C3E9A522480B4870087FD85 /* minizip */ = {
			isa = PBXGroup;
			children = (
				3C3E9A532480B4870087FD85 /* crypt.c */,
				3C3E9A542480B4870087FD85 /* unzip.c */,
				3C3E9A552480B4870087FD85 /* zip.c */,
				3C3E9A562480B4870087FD85 /* minishared.h */,
				3C3E9A572480B4870087FD85 /* ioapi.c */,
				3C3E9A582480B4870087FD85 /* ioapi_mem.h */,
				3C3E9A592480B4870087FD85 /* ioapi_buf.c */,
				3C3E9A5A2480B4870087FD85 /* crypt.h */,
				3C3E9A5B2480B4870087FD85 /* zip.h */,
				3C3E9A5C2480B4870087FD85 /* unzip.h */,
				3C3E9A5D2480B4870087FD85 /* ioapi_mem.c */,
				3C3E9A5E2480B4870087FD85 /* minishared.c */,
				3C3E9A5F2480B4870087FD85 /* ioapi.h */,
				3C3E9A602480B4870087FD85 /* ioapi_buf.h */,
				3C3E9A612480B4870087FD85 /* aes */,
			);
			path = minizip;
			sourceTree = "<group>";
		};
		3C3E9A612480B4870087FD85 /* aes */ = {
			isa = PBXGroup;
			children = (
				3C3E9A622480B4870087FD85 /* prng.h */,
				3C3E9A632480B4870087FD85 /* aes_ni.h */,
				3C3E9A642480B4870087FD85 /* aeskey.c */,
				3C3E9A652480B4870087FD85 /* hmac.c */,
				3C3E9A662480B4870087FD85 /* aestab.h */,
				3C3E9A672480B4870087FD85 /* pwd2key.h */,
				3C3E9A682480B4870087FD85 /* aescrypt.c */,
				3C3E9A692480B4870087FD85 /* fileenc.c */,
				3C3E9A6A2480B4870087FD85 /* aesopt.h */,
				3C3E9A6B2480B4870087FD85 /* sha1.c */,
				3C3E9A6C2480B4870087FD85 /* brg_types.h */,
				3C3E9A6D2480B4870087FD85 /* hmac.h */,
				3C3E9A6E2480B4870087FD85 /* aes_ni.c */,
				3C3E9A6F2480B4870087FD85 /* brg_endian.h */,
				3C3E9A702480B4870087FD85 /* prng.c */,
				3C3E9A712480B4870087FD85 /* aes.h */,
				3C3E9A722480B4870087FD85 /* pwd2key.c */,
				3C3E9A732480B4870087FD85 /* aestab.c */,
				3C3E9A742480B4870087FD85 /* sha1.h */,
				3C3E9A752480B4870087FD85 /* fileenc.h */,
			);
			path = aes;
			sourceTree = "<group>";
		};
		3C3E9A792480B4870087FD85 /* Utils */ = {
			isa = PBXGroup;
			children = (
				3C3E9A7A2480B4870087FD85 /* DemoDefines.h */,
				3C3E9A7B2480B4870087FD85 /* MRIndicatorView.h */,
				3C3E9A7C2480B4870087FD85 /* UIViewController+Extension.m */,
				3C3E9A7D2480B4870087FD85 /* UIViewController+Extension.h */,
				3C3E9A7E2480B4870087FD85 /* MRIndicatorView.m */,
			);
			path = Utils;
			sourceTree = "<group>";
		};
		3C3E9A7F2480B4870087FD85 /* ViewControllers */ = {
			isa = PBXGroup;
			children = (
				3C3E9A802480B4870087FD85 /* MRHome */,
				3C3E9A8D2480B4870087FD85 /* DeviceManager */,
				3C3E9A9A2480B4870087FD85 /* DeviceUpgrade */,
				3C3E9AA22480B4870087FD85 /* SyncDaily */,
			);
			path = ViewControllers;
			sourceTree = "<group>";
		};
		3C3E9A802480B4870087FD85 /* MRHome */ = {
			isa = PBXGroup;
			children = (
				3C3E9A812480B4870087FD85 /* MRHomeViewController.m */,
				3C3E9A822480B4870087FD85 /* MRHomeViewController.xib */,
				3C3E9A832480B4870087FD85 /* MrHomeViewCell.m */,
				3C3E9A842480B4870087FD85 /* MRHomeViewController+Methods.m */,
				3C3E9A852480B4870087FD85 /* MRHomeViewModel.m */,
				3C3E9A862480B4870087FD85 /* MRHomeView.h */,
				3C3E9A872480B4870087FD85 /* MRHomeViewController.h */,
				3C3E9A882480B4870087FD85 /* MRHomeViewController+Methods.h */,
				3C3E9A892480B4870087FD85 /* MRHomeViewCell.xib */,
				3C3E9A8A2480B4870087FD85 /* MRHomeViewCell.h */,
				3C3E9A8B2480B4870087FD85 /* MRHomeView.m */,
				3C3E9A8C2480B4870087FD85 /* MRHomeViewModel.h */,
			);
			path = MRHome;
			sourceTree = "<group>";
		};
		3C3E9A8D2480B4870087FD85 /* DeviceManager */ = {
			isa = PBXGroup;
			children = (
				3C3E9A8E2480B4870087FD85 /* DeviceManagerViewModel.h */,
				3C3E9A8F2480B4870087FD85 /* DeviceManagerView.h */,
				3C3E9A902480B4870087FD85 /* DeviceManagerViewController.h */,
				3C3E9A912480B4870087FD85 /* DeviceManagerViewCell.h */,
				3C3E9A922480B4870087FD85 /* DeviceManagerViewController+Methods.h */,
				3C3E9A932480B4870087FD85 /* DeviceManagerViewModel.m */,
				3C3E9A942480B4870087FD85 /* DeviceManagerViewController.xib */,
				3C3E9A952480B4870087FD85 /* DeviceManagerViewController.m */,
				3C3E9A962480B4870087FD85 /* DeviceManagerView.m */,
				3C3E9A972480B4870087FD85 /* DeviceManagerViewCell.xib */,
				3C3E9A982480B4870087FD85 /* DeviceManagerViewController+Methods.m */,
				3C3E9A992480B4870087FD85 /* DeviceManagerViewCell.m */,
			);
			path = DeviceManager;
			sourceTree = "<group>";
		};
		3C3E9A9A2480B4870087FD85 /* DeviceUpgrade */ = {
			isa = PBXGroup;
			children = (
				3C3E9A9B2480B4870087FD85 /* DeviceUpgradeViewController.strings */,
				3C3E9A9E2480B4870087FD85 /* DeviceUpgradeViewController.m */,
				3C3E9A9F2480B4870087FD85 /* DeviceUpgradeViewController.xib */,
				3C3E9AA12480B4870087FD85 /* DeviceUpgradeViewController.h */,
			);
			path = DeviceUpgrade;
			sourceTree = "<group>";
		};
		3C3E9AA22480B4870087FD85 /* SyncDaily */ = {
			isa = PBXGroup;
			children = (
				3C3E9AA32480B4870087FD85 /* SyncDailyViewController.h */,
				3C3E9AA42480B4870087FD85 /* SyncDailyViewController.xib */,
				3C3E9AA52480B4870087FD85 /* SyncDailyViewController.m */,
			);
			path = SyncDaily;
			sourceTree = "<group>";
		};
		3C3E9AA62480B4870087FD85 /* Resource */ = {
			isa = PBXGroup;
			children = (
				3CEC1A4424B2FF7700A87AB0 /* SampleData */,
				3C3E9AA72480B4870087FD85 /* Firmware */,
				3C3E9AB52480B4870087FD85 /* PrefixHeader.pch */,
				3C3E9AB62480B4870087FD85 /* Localization */,
			);
			path = Resource;
			sourceTree = "<group>";
		};
		3C3E9AA72480B4870087FD85 /* Firmware */ = {
			isa = PBXGroup;
			children = (
				3C3E9AA82480B4870087FD85 /* MegaRingV2_V7964.zip */,
				3C3E9AA92480B4870087FD85 /* MegaRingV3_V9154.zip */,
			);
			path = Firmware;
			sourceTree = "<group>";
		};
		3C3E9AB62480B4870087FD85 /* Localization */ = {
			isa = PBXGroup;
			children = (
				3C3E9AB72480B4870087FD85 /* Localizable.strings */,
				3C3E9AB92480B4870087FD85 /* InfoPlist.strings */,
				3C3E9ABD2480B4870087FD85 /* LocalStringKeys.m */,
				3C3E9ABE2480B4870087FD85 /* LocalStringKeys.h */,
			);
			path = Localization;
			sourceTree = "<group>";
		};
		3C3E9ABF2480B4870087FD85 /* Views */ = {
			isa = PBXGroup;
			children = (
				3C3E9AC02480B4870087FD85 /* MRDefaultView.strings */,
				3C3E9AC32480B4870087FD85 /* IBCustomView.h */,
				3C3E9AC42480B4870087FD85 /* MRDefaultView.h */,
				3C3E9AC52480B4870087FD85 /* MRDefaultView.xib */,
				3C3E9AC72480B4870087FD85 /* IBCustomView.m */,
				3C3E9AC82480B4870087FD85 /* MRDefaultView.m */,
			);
			path = Views;
			sourceTree = "<group>";
		};
		3CEC1A4424B2FF7700A87AB0 /* SampleData */ = {
			isa = PBXGroup;
			children = (
				3CEC1A4524B2FF7700A87AB0 /* sleep */,
				3CEC1A4A24B2FF7700A87AB0 /* sport */,
				3CEC1A4D24B2FF7700A87AB0 /* daily */,
			);
			path = SampleData;
			sourceTree = "<group>";
		};
		3CEC1A4524B2FF7700A87AB0 /* sleep */ = {
			isa = PBXGroup;
			children = (
				3CEC1A5824B2FFA000A87AB0 /* ble_18_07_18_06_51_59.bin */,
				3CEC1A4624B2FF7700A87AB0 /* test1 */,
				3CEC1A4724B2FF7700A87AB0 /* err_data */,
				3CEC1A4824B2FF7700A87AB0 /* test2 */,
			);
			path = sleep;
			sourceTree = "<group>";
		};
		3CEC1A4A24B2FF7700A87AB0 /* sport */ = {
			isa = PBXGroup;
			children = (
				3CEC1A4B24B2FF7700A87AB0 /* circul_5ec2376b73e25500087c8f32 */,
				3CEC1A4C24B2FF7700A87AB0 /* circul_5ec23768c96f350009160aed */,
			);
			path = sport;
			sourceTree = "<group>";
		};
		3CEC1A4D24B2FF7700A87AB0 /* daily */ = {
			isa = PBXGroup;
			children = (
				3CEC1A4E24B2FF7700A87AB0 /* dailydata20200421 */,
				3CEC1A4F24B2FF7700A87AB0 /* sdkdata_1557202185 */,
			);
			path = daily;
			sourceTree = "<group>";
		};
		CF4545212243925A003180A5 /* Frameworks */ = {
			isa = PBXGroup;
			children = (
			);
			name = Frameworks;
			sourceTree = "<group>";
		};
		CF665A07209B181A009EF6A6 = {
			isa = PBXGroup;
			children = (
				3C1F2F8524C996A900702EEA /* MRFramework.framework */,
				3C3E9B002480B7FB0087FD85 /* README-zh.md */,
				3C4859A02509DF550018FDA2 /* README.md */,
				3C3E9A4E2480B4870087FD85 /* Contents */,
				CF665A12209B181A009EF6A6 /* MegaRingBLE */,
				CF665A2B209B181B009EF6A6 /* MegaRingBLETests */,
				CF665A36209B181B009EF6A6 /* MegaRingBLEUITests */,
				CF665A11209B181A009EF6A6 /* Products */,
				CF4545212243925A003180A5 /* Frameworks */,
			);
			sourceTree = "<group>";
		};
		CF665A11209B181A009EF6A6 /* Products */ = {
			isa = PBXGroup;
			children = (
				CF665A10209B181A009EF6A6 /* MegaRingBLE.app */,
				CF665A28209B181B009EF6A6 /* MegaRingBLETests.xctest */,
				CF665A33209B181B009EF6A6 /* MegaRingBLEUITests.xctest */,
			);
			name = Products;
			sourceTree = "<group>";
		};
		CF665A12209B181A009EF6A6 /* MegaRingBLE */ = {
			isa = PBXGroup;
			children = (
				CF665A13209B181A009EF6A6 /* AppDelegate.h */,
				CF665A14209B181A009EF6A6 /* AppDelegate.m */,
				CF40867F209C026F00E3E8E7 /* MRNavigarionController.h */,
				CF408680209C026F00E3E8E7 /* MRNavigarionController.m */,
				CF665A19209B181A009EF6A6 /* Main.storyboard */,
				CF665A1C209B181B009EF6A6 /* Assets.xcassets */,
				CF665A1E209B181B009EF6A6 /* LaunchScreen.storyboard */,
				CF665A21209B181B009EF6A6 /* Info.plist */,
				CF665A22209B181B009EF6A6 /* main.m */,
			);
			path = MegaRingBLE;
			sourceTree = "<group>";
		};
		CF665A2B209B181B009EF6A6 /* MegaRingBLETests */ = {
			isa = PBXGroup;
			children = (
				CF665A2C209B181B009EF6A6 /* MegaRingBLETests.m */,
				CF665A2E209B181B009EF6A6 /* Info.plist */,
			);
			path = MegaRingBLETests;
			sourceTree = "<group>";
		};
		CF665A36209B181B009EF6A6 /* MegaRingBLEUITests */ = {
			isa = PBXGroup;
			children = (
				CF665A37209B181B009EF6A6 /* MegaRingBLEUITests.m */,
				CF665A39209B181B009EF6A6 /* Info.plist */,
			);
			path = MegaRingBLEUITests;
			sourceTree = "<group>";
		};
/* End PBXGroup section */

/* Begin PBXNativeTarget section */
		CF665A0F209B181A009EF6A6 /* MegaRingBLE */ = {
			isa = PBXNativeTarget;
			buildConfigurationList = CF665A3C209B181B009EF6A6 /* Build configuration list for PBXNativeTarget "MegaRingBLE" */;
			buildPhases = (
				CF665A0C209B181A009EF6A6 /* Sources */,
				CF665A0D209B181A009EF6A6 /* Frameworks */,
				CF665A0E209B181A009EF6A6 /* Resources */,
				3C1F2F8724C996E900702EEA /* CopyFiles */,
			);
			buildRules = (
			);
			dependencies = (
			);
			name = MegaRingBLE;
			productName = MegaRingBLE;
			productReference = CF665A10209B181A009EF6A6 /* MegaRingBLE.app */;
			productType = "com.apple.product-type.application";
		};
		CF665A27209B181B009EF6A6 /* MegaRingBLETests */ = {
			isa = PBXNativeTarget;
			buildConfigurationList = CF665A3F209B181B009EF6A6 /* Build configuration list for PBXNativeTarget "MegaRingBLETests" */;
			buildPhases = (
				CF665A24209B181B009EF6A6 /* Sources */,
				CF665A25209B181B009EF6A6 /* Frameworks */,
				CF665A26209B181B009EF6A6 /* Resources */,
			);
			buildRules = (
			);
			dependencies = (
				CF665A2A209B181B009EF6A6 /* PBXTargetDependency */,
			);
			name = MegaRingBLETests;
			productName = MegaRingBLETests;
			productReference = CF665A28209B181B009EF6A6 /* MegaRingBLETests.xctest */;
			productType = "com.apple.product-type.bundle.unit-test";
		};
		CF665A32209B181B009EF6A6 /* MegaRingBLEUITests */ = {
			isa = PBXNativeTarget;
			buildConfigurationList = CF665A42209B181B009EF6A6 /* Build configuration list for PBXNativeTarget "MegaRingBLEUITests" */;
			buildPhases = (
				CF665A2F209B181B009EF6A6 /* Sources */,
				CF665A30209B181B009EF6A6 /* Frameworks */,
				CF665A31209B181B009EF6A6 /* Resources */,
			);
			buildRules = (
			);
			dependencies = (
				CF665A35209B181B009EF6A6 /* PBXTargetDependency */,
			);
			name = MegaRingBLEUITests;
			productName = MegaRingBLEUITests;
			productReference = CF665A33209B181B009EF6A6 /* MegaRingBLEUITests.xctest */;
			productType = "com.apple.product-type.bundle.ui-testing";
		};
/* End PBXNativeTarget section */

/* Begin PBXProject section */
		CF665A08209B181A009EF6A6 /* Project object */ = {
			isa = PBXProject;
			attributes = {
				LastUpgradeCheck = 0930;
				ORGANIZATIONNAME = Superman;
				TargetAttributes = {
					CF665A0F209B181A009EF6A6 = {
						CreatedOnToolsVersion = 9.3;
						SystemCapabilities = {
							com.apple.BackgroundModes = {
								enabled = 1;
							};
						};
					};
					CF665A27209B181B009EF6A6 = {
						CreatedOnToolsVersion = 9.3;
						TestTargetID = CF665A0F209B181A009EF6A6;
					};
					CF665A32209B181B009EF6A6 = {
						CreatedOnToolsVersion = 9.3;
						TestTargetID = CF665A0F209B181A009EF6A6;
					};
				};
			};
			buildConfigurationList = CF665A0B209B181A009EF6A6 /* Build configuration list for PBXProject "MegaRingBLE" */;
			compatibilityVersion = "Xcode 9.3";
			developmentRegion = en;
			hasScannedForEncodings = 0;
			knownRegions = (
				en,
				Base,
				"zh-Hans",
			);
			mainGroup = CF665A07209B181A009EF6A6;
			productRefGroup = CF665A11209B181A009EF6A6 /* Products */;
			projectDirPath = "";
			projectRoot = "";
			targets = (
				CF665A0F209B181A009EF6A6 /* MegaRingBLE */,
				CF665A27209B181B009EF6A6 /* MegaRingBLETests */,
				CF665A32209B181B009EF6A6 /* MegaRingBLEUITests */,
			);
		};
/* End PBXProject section */

/* Begin PBXResourcesBuildPhase section */
		CF665A0E209B181A009EF6A6 /* Resources */ = {
			isa = PBXResourcesBuildPhase;
			buildActionMask = 2147483647;
			files = (
				3CEC1A5024B2FF7700A87AB0 /* test1 in Resources */,
				3C3E9AFD2480B4870087FD85 /* MRDefaultView.xib in Resources */,
				3C3E9AFC2480B4870087FD85 /* MRDefaultView.strings in Resources */,
				3CEC1A5224B2FF7700A87AB0 /* test2 in Resources */,
				3C4859A12509DF550018FDA2 /* README.md in Resources */,
				3CEC1A5924B2FFA000A87AB0 /* ble_18_07_18_06_51_59.bin in Resources */,
				3C3E9AF02480B4870087FD85 /* MegaRingV3_V9154.zip in Resources */,
				3C3E9ADD2480B4870087FD85 /* MRHomeViewController.xib in Resources */,
				3C3E9AEC2480B4870087FD85 /* DeviceUpgradeViewController.xib in Resources */,
				3CEC1A5524B2FF7700A87AB0 /* circul_5ec23768c96f350009160aed in Resources */,
				3C3E9AEF2480B4870087FD85 /* MegaRingV2_V7964.zip in Resources */,
				3C3E9AE12480B4870087FD85 /* MRHomeViewCell.xib in Resources */,
				3C3E9AEA2480B4870087FD85 /* DeviceUpgradeViewController.strings in Resources */,
				3CEC1A5724B2FF7700A87AB0 /* sdkdata_1557202185 in Resources */,
				3C3E9AFA2480B4870087FD85 /* InfoPlist.strings in Resources */,
				3C3E9B012480B7FB0087FD85 /* README-zh.md in Resources */,
				CF665A20209B181B009EF6A6 /* LaunchScreen.storyboard in Resources */,
				3CEC1A5124B2FF7700A87AB0 /* err_data in Resources */,
				3C3E9AF92480B4870087FD85 /* Localizable.strings in Resources */,
				3CEC1A5624B2FF7700A87AB0 /* dailydata20200421 in Resources */,
				CF665A1D209B181B009EF6A6 /* Assets.xcassets in Resources */,
				3C3E9AE42480B4870087FD85 /* DeviceManagerViewController.xib in Resources */,
				3C3E9AED2480B4870087FD85 /* SyncDailyViewController.xib in Resources */,
				3CEC1A5424B2FF7700A87AB0 /* circul_5ec2376b73e25500087c8f32 in Resources */,
				3C3E9AE72480B4870087FD85 /* DeviceManagerViewCell.xib in Resources */,
				CF665A1B209B181A009EF6A6 /* Main.storyboard in Resources */,
			);
			runOnlyForDeploymentPostprocessing = 0;
		};
		CF665A26209B181B009EF6A6 /* Resources */ = {
			isa = PBXResourcesBuildPhase;
			buildActionMask = 2147483647;
			files = (
			);
			runOnlyForDeploymentPostprocessing = 0;
		};
		CF665A31209B181B009EF6A6 /* Resources */ = {
			isa = PBXResourcesBuildPhase;
			buildActionMask = 2147483647;
			files = (
			);
			runOnlyForDeploymentPostprocessing = 0;
		};
/* End PBXResourcesBuildPhase section */

/* Begin PBXSourcesBuildPhase section */
		CF665A0C209B181A009EF6A6 /* Sources */ = {
			isa = PBXSourcesBuildPhase;
			buildActionMask = 2147483647;
			files = (
				3C3E9AD42480B4870087FD85 /* sha1.c in Sources */,
				3C3E9ADB2480B4870087FD85 /* MRIndicatorView.m in Sources */,
				3C3E9AD12480B4870087FD85 /* hmac.c in Sources */,
				3C3E9ACE2480B4870087FD85 /* ioapi_mem.c in Sources */,
				3C3E9AFB2480B4870087FD85 /* LocalStringKeys.m in Sources */,
				3C3E9AD22480B4870087FD85 /* aescrypt.c in Sources */,
				CF408681209C026F00E3E8E7 /* MRNavigarionController.m in Sources */,
				3C3E9AE22480B4870087FD85 /* MRHomeView.m in Sources */,
				3C3E9ADE2480B4870087FD85 /* MrHomeViewCell.m in Sources */,
				3C3E9AD02480B4870087FD85 /* aeskey.c in Sources */,
				3C3E9ACA2480B4870087FD85 /* unzip.c in Sources */,
				3C3E9AD62480B4870087FD85 /* prng.c in Sources */,
				3C3E9AEE2480B4870087FD85 /* SyncDailyViewController.m in Sources */,
				3C3E9ACD2480B4870087FD85 /* ioapi_buf.c in Sources */,
				3C3E9AE82480B4870087FD85 /* DeviceManagerViewController+Methods.m in Sources */,
				3C3E9ADA2480B4870087FD85 /* UIViewController+Extension.m in Sources */,
				3C3E9AD52480B4870087FD85 /* aes_ni.c in Sources */,
				CF665A23209B181B009EF6A6 /* main.m in Sources */,
				3C3E9AFE2480B4870087FD85 /* IBCustomView.m in Sources */,
				3C3E9ADC2480B4870087FD85 /* MRHomeViewController.m in Sources */,
				3C3E9ADF2480B4870087FD85 /* MRHomeViewController+Methods.m in Sources */,
				3C3E9ACB2480B4870087FD85 /* zip.c in Sources */,
				3C3E9AC92480B4870087FD85 /* crypt.c in Sources */,
				CF665A15209B181A009EF6A6 /* AppDelegate.m in Sources */,
				3C3E9ACC2480B4870087FD85 /* ioapi.c in Sources */,
				3C3E9AD32480B4870087FD85 /* fileenc.c in Sources */,
				3C3E9AD92480B4870087FD85 /* SSZipArchive.m in Sources */,
				3C3E9AE92480B4870087FD85 /* DeviceManagerViewCell.m in Sources */,
				3C3E9AE02480B4870087FD85 /* MRHomeViewModel.m in Sources */,
				3C3E9AE62480B4870087FD85 /* DeviceManagerView.m in Sources */,
				3C3E9AFF2480B4870087FD85 /* MRDefaultView.m in Sources */,
				3C3E9AD72480B4870087FD85 /* pwd2key.c in Sources */,
				3C3E9ACF2480B4870087FD85 /* minishared.c in Sources */,
				3C3E9AE52480B4870087FD85 /* DeviceManagerViewController.m in Sources */,
				3C3E9AEB2480B4870087FD85 /* DeviceUpgradeViewController.m in Sources */,
				3C3E9AE32480B4870087FD85 /* DeviceManagerViewModel.m in Sources */,
				3C3E9AD82480B4870087FD85 /* aestab.c in Sources */,
			);
			runOnlyForDeploymentPostprocessing = 0;
		};
		CF665A24209B181B009EF6A6 /* Sources */ = {
			isa = PBXSourcesBuildPhase;
			buildActionMask = 2147483647;
			files = (
				CF665A2D209B181B009EF6A6 /* MegaRingBLETests.m in Sources */,
			);
			runOnlyForDeploymentPostprocessing = 0;
		};
		CF665A2F209B181B009EF6A6 /* Sources */ = {
			isa = PBXSourcesBuildPhase;
			buildActionMask = 2147483647;
			files = (
				CF665A38209B181B009EF6A6 /* MegaRingBLEUITests.m in Sources */,
			);
			runOnlyForDeploymentPostprocessing = 0;
		};
/* End PBXSourcesBuildPhase section */

/* Begin PBXTargetDependency section */
		CF665A2A209B181B009EF6A6 /* PBXTargetDependency */ = {
			isa = PBXTargetDependency;
			target = CF665A0F209B181A009EF6A6 /* MegaRingBLE */;
			targetProxy = CF665A29209B181B009EF6A6 /* PBXContainerItemProxy */;
		};
		CF665A35209B181B009EF6A6 /* PBXTargetDependency */ = {
			isa = PBXTargetDependency;
			target = CF665A0F209B181A009EF6A6 /* MegaRingBLE */;
			targetProxy = CF665A34209B181B009EF6A6 /* PBXContainerItemProxy */;
		};
/* End PBXTargetDependency section */

/* Begin PBXVariantGroup section */
		3C3E9A9B2480B4870087FD85 /* DeviceUpgradeViewController.strings */ = {
			isa = PBXVariantGroup;
			children = (
				3C3E9A9C2480B4870087FD85 /* zh-Hans */,
				3C3E9A9D2480B4870087FD85 /* en */,
			);
			name = DeviceUpgradeViewController.strings;
			sourceTree = "<group>";
		};
		3C3E9A9F2480B4870087FD85 /* DeviceUpgradeViewController.xib */ = {
			isa = PBXVariantGroup;
			children = (
				3C3E9AA02480B4870087FD85 /* Base */,
			);
			name = DeviceUpgradeViewController.xib;
			sourceTree = "<group>";
		};
		3C3E9AB72480B4870087FD85 /* Localizable.strings */ = {
			isa = PBXVariantGroup;
			children = (
				3C3E9AB82480B4870087FD85 /* zh-Hans */,
				3C3E9ABB2480B4870087FD85 /* en */,
			);
			name = Localizable.strings;
			sourceTree = "<group>";
		};
		3C3E9AB92480B4870087FD85 /* InfoPlist.strings */ = {
			isa = PBXVariantGroup;
			children = (
				3C3E9ABA2480B4870087FD85 /* zh-Hans */,
				3C3E9ABC2480B4870087FD85 /* en */,
			);
			name = InfoPlist.strings;
			sourceTree = "<group>";
		};
		3C3E9AC02480B4870087FD85 /* MRDefaultView.strings */ = {
			isa = PBXVariantGroup;
			children = (
				3C3E9AC12480B4870087FD85 /* zh-Hans */,
				3C3E9AC22480B4870087FD85 /* en */,
			);
			name = MRDefaultView.strings;
			sourceTree = "<group>";
		};
		3C3E9AC52480B4870087FD85 /* MRDefaultView.xib */ = {
			isa = PBXVariantGroup;
			children = (
				3C3E9AC62480B4870087FD85 /* Base */,
			);
			name = MRDefaultView.xib;
			sourceTree = "<group>";
		};
		CF665A19209B181A009EF6A6 /* Main.storyboard */ = {
			isa = PBXVariantGroup;
			children = (
				CF665A1A209B181A009EF6A6 /* Base */,
			);
			name = Main.storyboard;
			sourceTree = "<group>";
		};
		CF665A1E209B181B009EF6A6 /* LaunchScreen.storyboard */ = {
			isa = PBXVariantGroup;
			children = (
				CF665A1F209B181B009EF6A6 /* Base */,
			);
			name = LaunchScreen.storyboard;
			sourceTree = "<group>";
		};
/* End PBXVariantGroup section */

/* Begin XCBuildConfiguration section */
		CF665A3A209B181B009EF6A6 /* Debug */ = {
			isa = XCBuildConfiguration;
			buildSettings = {
				ALWAYS_SEARCH_USER_PATHS = NO;
				CLANG_ANALYZER_LOCALIZABILITY_NONLOCALIZED = YES;
				CLANG_ANALYZER_NONNULL = YES;
				CLANG_ANALYZER_NUMBER_OBJECT_CONVERSION = YES_AGGRESSIVE;
				CLANG_CXX_LANGUAGE_STANDARD = "gnu++14";
				CLANG_CXX_LIBRARY = "libc++";
				CLANG_ENABLE_MODULES = YES;
				CLANG_ENABLE_OBJC_ARC = YES;
				CLANG_ENABLE_OBJC_WEAK = YES;
				CLANG_WARN_BLOCK_CAPTURE_AUTORELEASING = YES;
				CLANG_WARN_BOOL_CONVERSION = YES;
				CLANG_WARN_COMMA = YES;
				CLANG_WARN_CONSTANT_CONVERSION = YES;
				CLANG_WARN_DEPRECATED_OBJC_IMPLEMENTATIONS = YES;
				CLANG_WARN_DIRECT_OBJC_ISA_USAGE = YES_ERROR;
				CLANG_WARN_DOCUMENTATION_COMMENTS = YES;
				CLANG_WARN_EMPTY_BODY = YES;
				CLANG_WARN_ENUM_CONVERSION = YES;
				CLANG_WARN_INFINITE_RECURSION = YES;
				CLANG_WARN_INT_CONVERSION = YES;
				CLANG_WARN_NON_LITERAL_NULL_CONVERSION = YES;
				CLANG_WARN_OBJC_IMPLICIT_RETAIN_SELF = YES;
				CLANG_WARN_OBJC_LITERAL_CONVERSION = YES;
				CLANG_WARN_OBJC_ROOT_CLASS = YES_ERROR;
				CLANG_WARN_RANGE_LOOP_ANALYSIS = YES;
				CLANG_WARN_STRICT_PROTOTYPES = YES;
				CLANG_WARN_SUSPICIOUS_MOVE = YES;
				CLANG_WARN_UNGUARDED_AVAILABILITY = YES_AGGRESSIVE;
				CLANG_WARN_UNREACHABLE_CODE = YES;
				CLANG_WARN__DUPLICATE_METHOD_MATCH = YES;
				CODE_SIGN_IDENTITY = "iPhone Developer";
				COPY_PHASE_STRIP = NO;
				DEBUG_INFORMATION_FORMAT = dwarf;
				ENABLE_STRICT_OBJC_MSGSEND = YES;
				ENABLE_TESTABILITY = YES;
				GCC_C_LANGUAGE_STANDARD = gnu11;
				GCC_DYNAMIC_NO_PIC = NO;
				GCC_NO_COMMON_BLOCKS = YES;
				GCC_OPTIMIZATION_LEVEL = 0;
				GCC_PREFIX_HEADER = "$(SRCROOT)/Contents/Resource/PrefixHeader.pch";
				GCC_PREPROCESSOR_DEFINITIONS = (
					"DEBUG=1",
					"$(inherited)",
				);
				GCC_WARN_64_TO_32_BIT_CONVERSION = YES;
				GCC_WARN_ABOUT_RETURN_TYPE = YES_ERROR;
				GCC_WARN_UNDECLARED_SELECTOR = YES;
				GCC_WARN_UNINITIALIZED_AUTOS = YES_AGGRESSIVE;
				GCC_WARN_UNUSED_FUNCTION = YES;
				GCC_WARN_UNUSED_VARIABLE = YES;
				IPHONEOS_DEPLOYMENT_TARGET = 12.0;
				MTL_ENABLE_DEBUG_INFO = YES;
				ONLY_ACTIVE_ARCH = YES;
				SDKROOT = iphoneos;
			};
			name = Debug;
		};
		CF665A3B209B181B009EF6A6 /* Release */ = {
			isa = XCBuildConfiguration;
			buildSettings = {
				ALWAYS_SEARCH_USER_PATHS = NO;
				CLANG_ANALYZER_LOCALIZABILITY_NONLOCALIZED = YES;
				CLANG_ANALYZER_NONNULL = YES;
				CLANG_ANALYZER_NUMBER_OBJECT_CONVERSION = YES_AGGRESSIVE;
				CLANG_CXX_LANGUAGE_STANDARD = "gnu++14";
				CLANG_CXX_LIBRARY = "libc++";
				CLANG_ENABLE_MODULES = YES;
				CLANG_ENABLE_OBJC_ARC = YES;
				CLANG_ENABLE_OBJC_WEAK = YES;
				CLANG_WARN_BLOCK_CAPTURE_AUTORELEASING = YES;
				CLANG_WARN_BOOL_CONVERSION = YES;
				CLANG_WARN_COMMA = YES;
				CLANG_WARN_CONSTANT_CONVERSION = YES;
				CLANG_WARN_DEPRECATED_OBJC_IMPLEMENTATIONS = YES;
				CLANG_WARN_DIRECT_OBJC_ISA_USAGE = YES_ERROR;
				CLANG_WARN_DOCUMENTATION_COMMENTS = YES;
				CLANG_WARN_EMPTY_BODY = YES;
				CLANG_WARN_ENUM_CONVERSION = YES;
				CLANG_WARN_INFINITE_RECURSION = YES;
				CLANG_WARN_INT_CONVERSION = YES;
				CLANG_WARN_NON_LITERAL_NULL_CONVERSION = YES;
				CLANG_WARN_OBJC_IMPLICIT_RETAIN_SELF = YES;
				CLANG_WARN_OBJC_LITERAL_CONVERSION = YES;
				CLANG_WARN_OBJC_ROOT_CLASS = YES_ERROR;
				CLANG_WARN_RANGE_LOOP_ANALYSIS = YES;
				CLANG_WARN_STRICT_PROTOTYPES = YES;
				CLANG_WARN_SUSPICIOUS_MOVE = YES;
				CLANG_WARN_UNGUARDED_AVAILABILITY = YES_AGGRESSIVE;
				CLANG_WARN_UNREACHABLE_CODE = YES;
				CLANG_WARN__DUPLICATE_METHOD_MATCH = YES;
				CODE_SIGN_IDENTITY = "iPhone Developer";
				COPY_PHASE_STRIP = NO;
				DEBUG_INFORMATION_FORMAT = "dwarf-with-dsym";
				ENABLE_NS_ASSERTIONS = NO;
				ENABLE_STRICT_OBJC_MSGSEND = YES;
				GCC_C_LANGUAGE_STANDARD = gnu11;
				GCC_NO_COMMON_BLOCKS = YES;
				GCC_PREFIX_HEADER = "$(SRCROOT)/Contents/Resource/PrefixHeader.pch";
				GCC_WARN_64_TO_32_BIT_CONVERSION = YES;
				GCC_WARN_ABOUT_RETURN_TYPE = YES_ERROR;
				GCC_WARN_UNDECLARED_SELECTOR = YES;
				GCC_WARN_UNINITIALIZED_AUTOS = YES_AGGRESSIVE;
				GCC_WARN_UNUSED_FUNCTION = YES;
				GCC_WARN_UNUSED_VARIABLE = YES;
				IPHONEOS_DEPLOYMENT_TARGET = 12.0;
				MTL_ENABLE_DEBUG_INFO = NO;
				SDKROOT = iphoneos;
				VALIDATE_PRODUCT = YES;
			};
			name = Release;
		};
		CF665A3D209B181B009EF6A6 /* Debug */ = {
			isa = XCBuildConfiguration;
			buildSettings = {
				ASSETCATALOG_COMPILER_APPICON_NAME = AppIcon;
				CODE_SIGN_STYLE = Automatic;
				CURRENT_PROJECT_VERSION = 1.8.5;
				DEVELOPMENT_TEAM = TF253L9KC9;
				ENABLE_BITCODE = NO;
				FRAMEWORK_SEARCH_PATHS = (
					"$(inherited)",
					"$(PROJECT_DIR)",
				);
				INFOPLIST_FILE = MegaRingBLE/Info.plist;
				LD_RUNPATH_SEARCH_PATHS = (
					"$(inherited)",
					"@executable_path/Frameworks",
				);
				MARKETING_VERSION = 1.8.5;
				PRODUCT_BUNDLE_IDENTIFIER = com.megahealth.MegaRingBLE;
				PRODUCT_NAME = "$(TARGET_NAME)";
				TARGETED_DEVICE_FAMILY = 1;
			};
			name = Debug;
		};
		CF665A3E209B181B009EF6A6 /* Release */ = {
			isa = XCBuildConfiguration;
			buildSettings = {
				ASSETCATALOG_COMPILER_APPICON_NAME = AppIcon;
				CODE_SIGN_STYLE = Automatic;
				CURRENT_PROJECT_VERSION = 1.8.5;
				DEVELOPMENT_TEAM = TF253L9KC9;
				ENABLE_BITCODE = NO;
				FRAMEWORK_SEARCH_PATHS = (
					"$(inherited)",
					"$(PROJECT_DIR)",
				);
				INFOPLIST_FILE = MegaRingBLE/Info.plist;
				LD_RUNPATH_SEARCH_PATHS = (
					"$(inherited)",
					"@executable_path/Frameworks",
				);
				MARKETING_VERSION = 1.8.5;
				PRODUCT_BUNDLE_IDENTIFIER = com.megahealth.MegaRingBLE;
				PRODUCT_NAME = "$(TARGET_NAME)";
				TARGETED_DEVICE_FAMILY = 1;
			};
			name = Release;
		};
		CF665A40209B181B009EF6A6 /* Debug */ = {
			isa = XCBuildConfiguration;
			buildSettings = {
				BUNDLE_LOADER = "$(TEST_HOST)";
				CODE_SIGN_STYLE = Automatic;
				DEVELOPMENT_TEAM = TF253L9KC9;
				INFOPLIST_FILE = MegaRingBLETests/Info.plist;
				LD_RUNPATH_SEARCH_PATHS = (
					"$(inherited)",
					"@executable_path/Frameworks",
					"@loader_path/Frameworks",
				);
				PRODUCT_BUNDLE_IDENTIFIER = com.megahealth.MegaRingBLETests;
				PRODUCT_NAME = "$(TARGET_NAME)";
				TARGETED_DEVICE_FAMILY = "1,2";
				TEST_HOST = "$(BUILT_PRODUCTS_DIR)/MegaRingBLE.app/MegaRingBLE";
			};
			name = Debug;
		};
		CF665A41209B181B009EF6A6 /* Release */ = {
			isa = XCBuildConfiguration;
			buildSettings = {
				BUNDLE_LOADER = "$(TEST_HOST)";
				CODE_SIGN_STYLE = Automatic;
				DEVELOPMENT_TEAM = TF253L9KC9;
				INFOPLIST_FILE = MegaRingBLETests/Info.plist;
				LD_RUNPATH_SEARCH_PATHS = (
					"$(inherited)",
					"@executable_path/Frameworks",
					"@loader_path/Frameworks",
				);
				PRODUCT_BUNDLE_IDENTIFIER = com.megahealth.MegaRingBLETests;
				PRODUCT_NAME = "$(TARGET_NAME)";
				TARGETED_DEVICE_FAMILY = "1,2";
				TEST_HOST = "$(BUILT_PRODUCTS_DIR)/MegaRingBLE.app/MegaRingBLE";
			};
			name = Release;
		};
		CF665A43209B181B009EF6A6 /* Debug */ = {
			isa = XCBuildConfiguration;
			buildSettings = {
				CODE_SIGN_STYLE = Automatic;
				DEVELOPMENT_TEAM = TF253L9KC9;
				INFOPLIST_FILE = MegaRingBLEUITests/Info.plist;
				LD_RUNPATH_SEARCH_PATHS = (
					"$(inherited)",
					"@executable_path/Frameworks",
					"@loader_path/Frameworks",
				);
				PRODUCT_BUNDLE_IDENTIFIER = com.megahealth.MegaRingBLEUITests;
				PRODUCT_NAME = "$(TARGET_NAME)";
				TARGETED_DEVICE_FAMILY = "1,2";
				TEST_TARGET_NAME = MegaRingBLE;
			};
			name = Debug;
		};
		CF665A44209B181B009EF6A6 /* Release */ = {
			isa = XCBuildConfiguration;
			buildSettings = {
				CODE_SIGN_STYLE = Automatic;
				DEVELOPMENT_TEAM = TF253L9KC9;
				INFOPLIST_FILE = MegaRingBLEUITests/Info.plist;
				LD_RUNPATH_SEARCH_PATHS = (
					"$(inherited)",
					"@executable_path/Frameworks",
					"@loader_path/Frameworks",
				);
				PRODUCT_BUNDLE_IDENTIFIER = com.megahealth.MegaRingBLEUITests;
				PRODUCT_NAME = "$(TARGET_NAME)";
				TARGETED_DEVICE_FAMILY = "1,2";
				TEST_TARGET_NAME = MegaRingBLE;
			};
			name = Release;
		};
/* End XCBuildConfiguration section */

/* Begin XCConfigurationList section */
		CF665A0B209B181A009EF6A6 /* Build configuration list for PBXProject "MegaRingBLE" */ = {
			isa = XCConfigurationList;
			buildConfigurations = (
				CF665A3A209B181B009EF6A6 /* Debug */,
				CF665A3B209B181B009EF6A6 /* Release */,
			);
			defaultConfigurationIsVisible = 0;
			defaultConfigurationName = Release;
		};
		CF665A3C209B181B009EF6A6 /* Build configuration list for PBXNativeTarget "MegaRingBLE" */ = {
			isa = XCConfigurationList;
			buildConfigurations = (
				CF665A3D209B181B009EF6A6 /* Debug */,
				CF665A3E209B181B009EF6A6 /* Release */,
			);
			defaultConfigurationIsVisible = 0;
			defaultConfigurationName = Release;
		};
		CF665A3F209B181B009EF6A6 /* Build configuration list for PBXNativeTarget "MegaRingBLETests" */ = {
			isa = XCConfigurationList;
			buildConfigurations = (
				CF665A40209B181B009EF6A6 /* Debug */,
				CF665A41209B181B009EF6A6 /* Release */,
			);
			defaultConfigurationIsVisible = 0;
			defaultConfigurationName = Release;
		};
		CF665A42209B181B009EF6A6 /* Build configuration list for PBXNativeTarget "MegaRingBLEUITests" */ = {
			isa = XCConfigurationList;
			buildConfigurations = (
				CF665A43209B181B009EF6A6 /* Debug */,
				CF665A44209B181B009EF6A6 /* Release */,
			);
			defaultConfigurationIsVisible = 0;
			defaultConfigurationName = Release;
		};
/* End XCConfigurationList section */
	};
	rootObject = CF665A08209B181A009EF6A6 /* Project object */;
}
