// !$*UTF8*$!
{
	archiveVersion = 1;
	classes = {
	};
	objectVersion = 50;
	objects = {

/* Begin PBXBuildFile section */
		3C6741A2247FABEB00BC54CE /* crypt.c in Sources */ = {isa = PBXBuildFile; fileRef = 3C67412C247FABEB00BC54CE /* crypt.c */; };
		3C6741A3247FABEB00BC54CE /* unzip.c in Sources */ = {isa = PBXBuildFile; fileRef = 3C67412D247FABEB00BC54CE /* unzip.c */; };
		3C6741A4247FABEB00BC54CE /* zip.c in Sources */ = {isa = PBXBuildFile; fileRef = 3C67412E247FABEB00BC54CE /* zip.c */; };
		3C6741A5247FABEB00BC54CE /* ioapi.c in Sources */ = {isa = PBXBuildFile; fileRef = 3C674130247FABEB00BC54CE /* ioapi.c */; };
		3C6741A6247FABEB00BC54CE /* ioapi_buf.c in Sources */ = {isa = PBXBuildFile; fileRef = 3C674132247FABEB00BC54CE /* ioapi_buf.c */; };
		3C6741A7247FABEB00BC54CE /* ioapi_mem.c in Sources */ = {isa = PBXBuildFile; fileRef = 3C674136247FABEB00BC54CE /* ioapi_mem.c */; };
		3C6741A8247FABEB00BC54CE /* minishared.c in Sources */ = {isa = PBXBuildFile; fileRef = 3C674137247FABEB00BC54CE /* minishared.c */; };
		3C6741A9247FABEB00BC54CE /* aeskey.c in Sources */ = {isa = PBXBuildFile; fileRef = 3C67413D247FABEB00BC54CE /* aeskey.c */; };
		3C6741AA247FABEB00BC54CE /* hmac.c in Sources */ = {isa = PBXBuildFile; fileRef = 3C67413E247FABEB00BC54CE /* hmac.c */; };
		3C6741AB247FABEB00BC54CE /* aescrypt.c in Sources */ = {isa = PBXBuildFile; fileRef = 3C674141247FABEB00BC54CE /* aescrypt.c */; };
		3C6741AC247FABEB00BC54CE /* fileenc.c in Sources */ = {isa = PBXBuildFile; fileRef = 3C674142247FABEB00BC54CE /* fileenc.c */; };
		3C6741AD247FABEB00BC54CE /* sha1.c in Sources */ = {isa = PBXBuildFile; fileRef = 3C674144247FABEB00BC54CE /* sha1.c */; };
		3C6741AE247FABEB00BC54CE /* aes_ni.c in Sources */ = {isa = PBXBuildFile; fileRef = 3C674147247FABEB00BC54CE /* aes_ni.c */; };
		3C6741AF247FABEB00BC54CE /* prng.c in Sources */ = {isa = PBXBuildFile; fileRef = 3C674149247FABEB00BC54CE /* prng.c */; };
		3C6741B0247FABEB00BC54CE /* pwd2key.c in Sources */ = {isa = PBXBuildFile; fileRef = 3C67414B247FABEB00BC54CE /* pwd2key.c */; };
		3C6741B1247FABEB00BC54CE /* aestab.c in Sources */ = {isa = PBXBuildFile; fileRef = 3C67414C247FABEB00BC54CE /* aestab.c */; };
		3C6741B2247FABEB00BC54CE /* SSZipArchive.m in Sources */ = {isa = PBXBuildFile; fileRef = 3C674151247FABEB00BC54CE /* SSZipArchive.m */; };
		3C6741B3247FABEB00BC54CE /* UIViewController+Extension.m in Sources */ = {isa = PBXBuildFile; fileRef = 3C674155247FABEB00BC54CE /* UIViewController+Extension.m */; };
		3C6741B4247FABEB00BC54CE /* MRIndicatorView.m in Sources */ = {isa = PBXBuildFile; fileRef = 3C674157247FABEB00BC54CE /* MRIndicatorView.m */; };
		3C6741B5247FABEB00BC54CE /* MRHomeViewController.m in Sources */ = {isa = PBXBuildFile; fileRef = 3C67415A247FABEB00BC54CE /* MRHomeViewController.m */; };
		3C6741B6247FABEB00BC54CE /* MRHomeViewController.xib in Resources */ = {isa = PBXBuildFile; fileRef = 3C67415B247FABEB00BC54CE /* MRHomeViewController.xib */; };
		3C6741B7247FABEB00BC54CE /* MrHomeViewCell.m in Sources */ = {isa = PBXBuildFile; fileRef = 3C67415C247FABEB00BC54CE /* MrHomeViewCell.m */; };
		3C6741B8247FABEB00BC54CE /* MRHomeViewController+Methods.m in Sources */ = {isa = PBXBuildFile; fileRef = 3C67415D247FABEB00BC54CE /* MRHomeViewController+Methods.m */; };
		3C6741B9247FABEB00BC54CE /* MRHomeViewModel.m in Sources */ = {isa = PBXBuildFile; fileRef = 3C67415E247FABEB00BC54CE /* MRHomeViewModel.m */; };
		3C6741BA247FABEB00BC54CE /* MRHomeViewCell.xib in Resources */ = {isa = PBXBuildFile; fileRef = 3C674162247FABEB00BC54CE /* MRHomeViewCell.xib */; };
		3C6741BB247FABEC00BC54CE /* MRHomeView.m in Sources */ = {isa = PBXBuildFile; fileRef = 3C674164247FABEB00BC54CE /* MRHomeView.m */; };
		3C6741BC247FABEC00BC54CE /* DeviceManagerViewModel.m in Sources */ = {isa = PBXBuildFile; fileRef = 3C67416C247FABEB00BC54CE /* DeviceManagerViewModel.m */; };
		3C6741BD247FABEC00BC54CE /* DeviceManagerViewController.xib in Resources */ = {isa = PBXBuildFile; fileRef = 3C67416D247FABEB00BC54CE /* DeviceManagerViewController.xib */; };
		3C6741BE247FABEC00BC54CE /* DeviceManagerViewController.m in Sources */ = {isa = PBXBuildFile; fileRef = 3C67416E247FABEB00BC54CE /* DeviceManagerViewController.m */; };
		3C6741BF247FABEC00BC54CE /* DeviceManagerView.m in Sources */ = {isa = PBXBuildFile; fileRef = 3C67416F247FABEB00BC54CE /* DeviceManagerView.m */; };
		3C6741C0247FABEC00BC54CE /* DeviceManagerViewCell.xib in Resources */ = {isa = PBXBuildFile; fileRef = 3C674170247FABEB00BC54CE /* DeviceManagerViewCell.xib */; };
		3C6741C1247FABEC00BC54CE /* DeviceManagerViewController+Methods.m in Sources */ = {isa = PBXBuildFile; fileRef = 3C674171247FABEB00BC54CE /* DeviceManagerViewController+Methods.m */; };
		3C6741C2247FABEC00BC54CE /* DeviceManagerViewCell.m in Sources */ = {isa = PBXBuildFile; fileRef = 3C674172247FABEB00BC54CE /* DeviceManagerViewCell.m */; };
		3C6741C3247FABEC00BC54CE /* DeviceUpgradeViewController.strings in Resources */ = {isa = PBXBuildFile; fileRef = 3C674174247FABEB00BC54CE /* DeviceUpgradeViewController.strings */; };
		3C6741C4247FABEC00BC54CE /* DeviceUpgradeViewController.m in Sources */ = {isa = PBXBuildFile; fileRef = 3C674177247FABEB00BC54CE /* DeviceUpgradeViewController.m */; };
		3C6741C5247FABEC00BC54CE /* DeviceUpgradeViewController.xib in Resources */ = {isa = PBXBuildFile; fileRef = 3C674178247FABEB00BC54CE /* DeviceUpgradeViewController.xib */; };
		3C6741C6247FABEC00BC54CE /* SyncDailyViewController.xib in Resources */ = {isa = PBXBuildFile; fileRef = 3C67417D247FABEB00BC54CE /* SyncDailyViewController.xib */; };
		3C6741C7247FABEC00BC54CE /* SyncDailyViewController.m in Sources */ = {isa = PBXBuildFile; fileRef = 3C67417E247FABEB00BC54CE /* SyncDailyViewController.m */; };
		3C6741C8247FABEC00BC54CE /* MegaRingV2_V7964.zip in Resources */ = {isa = PBXBuildFile; fileRef = 3C674181247FABEB00BC54CE /* MegaRingV2_V7964.zip */; };
		3C6741C9247FABEC00BC54CE /* MegaRingV3_V9154.zip in Resources */ = {isa = PBXBuildFile; fileRef = 3C674182247FABEB00BC54CE /* MegaRingV3_V9154.zip */; };
		3C6741CA247FABEC00BC54CE /* dailydata20200421 in Resources */ = {isa = PBXBuildFile; fileRef = 3C674184247FABEB00BC54CE /* dailydata20200421 */; };
		3C6741CB247FABEC00BC54CE /* sdkdata_1557202185 in Resources */ = {isa = PBXBuildFile; fileRef = 3C674185247FABEB00BC54CE /* sdkdata_1557202185 */; };
		3C6741CC247FABEC00BC54CE /* test1 in Resources */ = {isa = PBXBuildFile; fileRef = 3C674187247FABEB00BC54CE /* test1 */; };
		3C6741CD247FABEC00BC54CE /* err_data in Resources */ = {isa = PBXBuildFile; fileRef = 3C674188247FABEB00BC54CE /* err_data */; };
		3C6741CE247FABEC00BC54CE /* test2 in Resources */ = {isa = PBXBuildFile; fileRef = 3C674189247FABEB00BC54CE /* test2 */; };
		3C6741CF247FABEC00BC54CE /* ble_18_07_18_06_51_59.bin in Resources */ = {isa = PBXBuildFile; fileRef = 3C67418A247FABEB00BC54CE /* ble_18_07_18_06_51_59.bin */; };
		3C6741D0247FABEC00BC54CE /* circul_5ec2376b73e25500087c8f32 in Resources */ = {isa = PBXBuildFile; fileRef = 3C67418C247FABEB00BC54CE /* circul_5ec2376b73e25500087c8f32 */; };
		3C6741D1247FABEC00BC54CE /* circul_5ec23768c96f350009160aed in Resources */ = {isa = PBXBuildFile; fileRef = 3C67418D247FABEB00BC54CE /* circul_5ec23768c96f350009160aed */; };
		3C6741D2247FABEC00BC54CE /* Localizable.strings in Resources */ = {isa = PBXBuildFile; fileRef = 3C674190247FABEB00BC54CE /* Localizable.strings */; };
		3C6741D3247FABEC00BC54CE /* InfoPlist.strings in Resources */ = {isa = PBXBuildFile; fileRef = 3C674192247FABEB00BC54CE /* InfoPlist.strings */; };
		3C6741D4247FABEC00BC54CE /* LocalStringKeys.m in Sources */ = {isa = PBXBuildFile; fileRef = 3C674196247FABEB00BC54CE /* LocalStringKeys.m */; };
		3C6741D5247FABEC00BC54CE /* MRDefaultView.strings in Resources */ = {isa = PBXBuildFile; fileRef = 3C674199247FABEB00BC54CE /* MRDefaultView.strings */; };
		3C6741D6247FABEC00BC54CE /* MRDefaultView.xib in Resources */ = {isa = PBXBuildFile; fileRef = 3C67419E247FABEB00BC54CE /* MRDefaultView.xib */; };
		3C6741D7247FABEC00BC54CE /* IBCustomView.m in Sources */ = {isa = PBXBuildFile; fileRef = 3C6741A0247FABEB00BC54CE /* IBCustomView.m */; };
		3C6741D8247FABEC00BC54CE /* MRDefaultView.m in Sources */ = {isa = PBXBuildFile; fileRef = 3C6741A1247FABEB00BC54CE /* MRDefaultView.m */; };
		3CCA8FE52445549D004CDA77 /* MRFramework.framework in Frameworks */ = {isa = PBXBuildFile; fileRef = 3CCA8FE42445549D004CDA77 /* MRFramework.framework */; };
		3CCA8FE6244554BB004CDA77 /* MRFramework.framework in CopyFiles */ = {isa = PBXBuildFile; fileRef = 3CCA8FE42445549D004CDA77 /* MRFramework.framework */; settings = {ATTRIBUTES = (CodeSignOnCopy, RemoveHeadersOnCopy, ); }; };
		CF408681209C026F00E3E8E7 /* MRNavigarionController.m in Sources */ = {isa = PBXBuildFile; fileRef = CF408680209C026F00E3E8E7 /* MRNavigarionController.m */; };
		CF665A15209B181A009EF6A6 /* AppDelegate.m in Sources */ = {isa = PBXBuildFile; fileRef = CF665A14209B181A009EF6A6 /* AppDelegate.m */; };
		CF665A1B209B181A009EF6A6 /* Main.storyboard in Resources */ = {isa = PBXBuildFile; fileRef = CF665A19209B181A009EF6A6 /* Main.storyboard */; };
		CF665A1D209B181B009EF6A6 /* Assets.xcassets in Resources */ = {isa = PBXBuildFile; fileRef = CF665A1C209B181B009EF6A6 /* Assets.xcassets */; };
		CF665A20209B181B009EF6A6 /* LaunchScreen.storyboard in Resources */ = {isa = PBXBuildFile; fileRef = CF665A1E209B181B009EF6A6 /* LaunchScreen.storyboard */; };
		CF665A23209B181B009EF6A6 /* main.m in Sources */ = {isa = PBXBuildFile; fileRef = CF665A22209B181B009EF6A6 /* main.m */; };
		CF665A2D209B181B009EF6A6 /* MegaRingBLETests.m in Sources */ = {isa = PBXBuildFile; fileRef = CF665A2C209B181B009EF6A6 /* MegaRingBLETests.m */; };
		CF665A38209B181B009EF6A6 /* MegaRingBLEUITests.m in Sources */ = {isa = PBXBuildFile; fileRef = CF665A37209B181B009EF6A6 /* MegaRingBLEUITests.m */; };
/* End PBXBuildFile section */

/* Begin PBXContainerItemProxy section */
		CF665A29209B181B009EF6A6 /* PBXContainerItemProxy */ = {
			isa = PBXContainerItemProxy;
			containerPortal = CF665A08209B181A009EF6A6 /* Project object */;
			proxyType = 1;
			remoteGlobalIDString = CF665A0F209B181A009EF6A6;
			remoteInfo = MegaRingBLE;
		};
		CF665A34209B181B009EF6A6 /* PBXContainerItemProxy */ = {
			isa = PBXContainerItemProxy;
			containerPortal = CF665A08209B181A009EF6A6 /* Project object */;
			proxyType = 1;
			remoteGlobalIDString = CF665A0F209B181A009EF6A6;
			remoteInfo = MegaRingBLE;
		};
/* End PBXContainerItemProxy section */

/* Begin PBXCopyFilesBuildPhase section */
		3CD2CA46241A3F16000C8F82 /* CopyFiles */ = {
			isa = PBXCopyFilesBuildPhase;
			buildActionMask = 2147483647;
			dstPath = "";
			dstSubfolderSpec = 10;
			files = (
				3CCA8FE6244554BB004CDA77 /* MRFramework.framework in CopyFiles */,
			);
			runOnlyForDeploymentPostprocessing = 0;
		};
/* End PBXCopyFilesBuildPhase section */

/* Begin PBXFileReference section */
		3C67412A247FABEB00BC54CE /* ZipArchive.h */ = {isa = PBXFileReference; fileEncoding = 4; lastKnownFileType = sourcecode.c.h; path = ZipArchive.h; sourceTree = "<group>"; };
		3C67412C247FABEB00BC54CE /* crypt.c */ = {isa = PBXFileReference; fileEncoding = 4; lastKnownFileType = sourcecode.c.c; path = crypt.c; sourceTree = "<group>"; };
		3C67412D247FABEB00BC54CE /* unzip.c */ = {isa = PBXFileReference; fileEncoding = 4; lastKnownFileType = sourcecode.c.c; path = unzip.c; sourceTree = "<group>"; };
		3C67412E247FABEB00BC54CE /* zip.c */ = {isa = PBXFileReference; fileEncoding = 4; lastKnownFileType = sourcecode.c.c; path = zip.c; sourceTree = "<group>"; };
		3C67412F247FABEB00BC54CE /* minishared.h */ = {isa = PBXFileReference; fileEncoding = 4; lastKnownFileType = sourcecode.c.h; path = minishared.h; sourceTree = "<group>"; };
		3C674130247FABEB00BC54CE /* ioapi.c */ = {isa = PBXFileReference; fileEncoding = 4; lastKnownFileType = sourcecode.c.c; path = ioapi.c; sourceTree = "<group>"; };
		3C674131247FABEB00BC54CE /* ioapi_mem.h */ = {isa = PBXFileReference; fileEncoding = 4; lastKnownFileType = sourcecode.c.h; path = ioapi_mem.h; sourceTree = "<group>"; };
		3C674132247FABEB00BC54CE /* ioapi_buf.c */ = {isa = PBXFileReference; fileEncoding = 4; lastKnownFileType = sourcecode.c.c; path = ioapi_buf.c; sourceTree = "<group>"; };
		3C674133247FABEB00BC54CE /* crypt.h */ = {isa = PBXFileReference; fileEncoding = 4; lastKnownFileType = sourcecode.c.h; path = crypt.h; sourceTree = "<group>"; };
		3C674134247FABEB00BC54CE /* zip.h */ = {isa = PBXFileReference; fileEncoding = 4; lastKnownFileType = sourcecode.c.h; path = zip.h; sourceTree = "<group>"; };
		3C674135247FABEB00BC54CE /* unzip.h */ = {isa = PBXFileReference; fileEncoding = 4; lastKnownFileType = sourcecode.c.h; path = unzip.h; sourceTree = "<group>"; };
		3C674136247FABEB00BC54CE /* ioapi_mem.c */ = {isa = PBXFileReference; fileEncoding = 4; lastKnownFileType = sourcecode.c.c; path = ioapi_mem.c; sourceTree = "<group>"; };
		3C674137247FABEB00BC54CE /* minishared.c */ = {isa = PBXFileReference; fileEncoding = 4; lastKnownFileType = sourcecode.c.c; path = minishared.c; sourceTree = "<group>"; };
		3C674138247FABEB00BC54CE /* ioapi.h */ = {isa = PBXFileReference; fileEncoding = 4; lastKnownFileType = sourcecode.c.h; path = ioapi.h; sourceTree = "<group>"; };
		3C674139247FABEB00BC54CE /* ioapi_buf.h */ = {isa = PBXFileReference; fileEncoding = 4; lastKnownFileType = sourcecode.c.h; path = ioapi_buf.h; sourceTree = "<group>"; };
		3C67413B247FABEB00BC54CE /* prng.h */ = {isa = PBXFileReference; fileEncoding = 4; lastKnownFileType = sourcecode.c.h; path = prng.h; sourceTree = "<group>"; };
		3C67413C247FABEB00BC54CE /* aes_ni.h */ = {isa = PBXFileReference; fileEncoding = 4; lastKnownFileType = sourcecode.c.h; path = aes_ni.h; sourceTree = "<group>"; };
		3C67413D247FABEB00BC54CE /* aeskey.c */ = {isa = PBXFileReference; fileEncoding = 4; lastKnownFileType = sourcecode.c.c; path = aeskey.c; sourceTree = "<group>"; };
		3C67413E247FABEB00BC54CE /* hmac.c */ = {isa = PBXFileReference; fileEncoding = 4; lastKnownFileType = sourcecode.c.c; path = hmac.c; sourceTree = "<group>"; };
		3C67413F247FABEB00BC54CE /* aestab.h */ = {isa = PBXFileReference; fileEncoding = 4; lastKnownFileType = sourcecode.c.h; path = aestab.h; sourceTree = "<group>"; };
		3C674140247FABEB00BC54CE /* pwd2key.h */ = {isa = PBXFileReference; fileEncoding = 4; lastKnownFileType = sourcecode.c.h; path = pwd2key.h; sourceTree = "<group>"; };
		3C674141247FABEB00BC54CE /* aescrypt.c */ = {isa = PBXFileReference; fileEncoding = 4; lastKnownFileType = sourcecode.c.c; path = aescrypt.c; sourceTree = "<group>"; };
		3C674142247FABEB00BC54CE /* fileenc.c */ = {isa = PBXFileReference; fileEncoding = 4; lastKnownFileType = sourcecode.c.c; path = fileenc.c; sourceTree = "<group>"; };
		3C674143247FABEB00BC54CE /* aesopt.h */ = {isa = PBXFileReference; fileEncoding = 4; lastKnownFileType = sourcecode.c.h; path = aesopt.h; sourceTree = "<group>"; };
		3C674144247FABEB00BC54CE /* sha1.c */ = {isa = PBXFileReference; fileEncoding = 4; lastKnownFileType = sourcecode.c.c; path = sha1.c; sourceTree = "<group>"; };
		3C674145247FABEB00BC54CE /* brg_types.h */ = {isa = PBXFileReference; fileEncoding = 4; lastKnownFileType = sourcecode.c.h; path = brg_types.h; sourceTree = "<group>"; };
		3C674146247FABEB00BC54CE /* hmac.h */ = {isa = PBXFileReference; fileEncoding = 4; lastKnownFileType = sourcecode.c.h; path = hmac.h; sourceTree = "<group>"; };
		3C674147247FABEB00BC54CE /* aes_ni.c */ = {isa = PBXFileReference; fileEncoding = 4; lastKnownFileType = sourcecode.c.c; path = aes_ni.c; sourceTree = "<group>"; };
		3C674148247FABEB00BC54CE /* brg_endian.h */ = {isa = PBXFileReference; fileEncoding = 4; lastKnownFileType = sourcecode.c.h; path = brg_endian.h; sourceTree = "<group>"; };
		3C674149247FABEB00BC54CE /* prng.c */ = {isa = PBXFileReference; fileEncoding = 4; lastKnownFileType = sourcecode.c.c; path = prng.c; sourceTree = "<group>"; };
		3C67414A247FABEB00BC54CE /* aes.h */ = {isa = PBXFileReference; fileEncoding = 4; lastKnownFileType = sourcecode.c.h; path = aes.h; sourceTree = "<group>"; };
		3C67414B247FABEB00BC54CE /* pwd2key.c */ = {isa = PBXFileReference; fileEncoding = 4; lastKnownFileType = sourcecode.c.c; path = pwd2key.c; sourceTree = "<group>"; };
		3C67414C247FABEB00BC54CE /* aestab.c */ = {isa = PBXFileReference; fileEncoding = 4; lastKnownFileType = sourcecode.c.c; path = aestab.c; sourceTree = "<group>"; };
		3C67414D247FABEB00BC54CE /* sha1.h */ = {isa = PBXFileReference; fileEncoding = 4; lastKnownFileType = sourcecode.c.h; path = sha1.h; sourceTree = "<group>"; };
		3C67414E247FABEB00BC54CE /* fileenc.h */ = {isa = PBXFileReference; fileEncoding = 4; lastKnownFileType = sourcecode.c.h; path = fileenc.h; sourceTree = "<group>"; };
		3C67414F247FABEB00BC54CE /* SSZipArchive.h */ = {isa = PBXFileReference; fileEncoding = 4; lastKnownFileType = sourcecode.c.h; path = SSZipArchive.h; sourceTree = "<group>"; };
		3C674150247FABEB00BC54CE /* SSZipCommon.h */ = {isa = PBXFileReference; fileEncoding = 4; lastKnownFileType = sourcecode.c.h; path = SSZipCommon.h; sourceTree = "<group>"; };
		3C674151247FABEB00BC54CE /* SSZipArchive.m */ = {isa = PBXFileReference; fileEncoding = 4; lastKnownFileType = sourcecode.c.objc; path = SSZipArchive.m; sourceTree = "<group>"; };
		3C674153247FABEB00BC54CE /* DemoDefines.h */ = {isa = PBXFileReference; fileEncoding = 4; lastKnownFileType = sourcecode.c.h; path = DemoDefines.h; sourceTree = "<group>"; };
		3C674154247FABEB00BC54CE /* MRIndicatorView.h */ = {isa = PBXFileReference; fileEncoding = 4; lastKnownFileType = sourcecode.c.h; path = MRIndicatorView.h; sourceTree = "<group>"; };
		3C674155247FABEB00BC54CE /* UIViewController+Extension.m */ = {isa = PBXFileReference; fileEncoding = 4; lastKnownFileType = sourcecode.c.objc; path = "UIViewController+Extension.m"; sourceTree = "<group>"; };
		3C674156247FABEB00BC54CE /* UIViewController+Extension.h */ = {isa = PBXFileReference; fileEncoding = 4; lastKnownFileType = sourcecode.c.h; path = "UIViewController+Extension.h"; sourceTree = "<group>"; };
		3C674157247FABEB00BC54CE /* MRIndicatorView.m */ = {isa = PBXFileReference; fileEncoding = 4; lastKnownFileType = sourcecode.c.objc; path = MRIndicatorView.m; sourceTree = "<group>"; };
		3C67415A247FABEB00BC54CE /* MRHomeViewController.m */ = {isa = PBXFileReference; fileEncoding = 4; lastKnownFileType = sourcecode.c.objc; path = MRHomeViewController.m; sourceTree = "<group>"; };
		3C67415B247FABEB00BC54CE /* MRHomeViewController.xib */ = {isa = PBXFileReference; fileEncoding = 4; lastKnownFileType = file.xib; path = MRHomeViewController.xib; sourceTree = "<group>"; };
		3C67415C247FABEB00BC54CE /* MrHomeViewCell.m */ = {isa = PBXFileReference; fileEncoding = 4; lastKnownFileType = sourcecode.c.objc; path = MrHomeViewCell.m; sourceTree = "<group>"; };
		3C67415D247FABEB00BC54CE /* MRHomeViewController+Methods.m */ = {isa = PBXFileReference; fileEncoding = 4; lastKnownFileType = sourcecode.c.objc; path = "MRHomeViewController+Methods.m"; sourceTree = "<group>"; };
		3C67415E247FABEB00BC54CE /* MRHomeViewModel.m */ = {isa = PBXFileReference; fileEncoding = 4; lastKnownFileType = sourcecode.c.objc; path = MRHomeViewModel.m; sourceTree = "<group>"; };
		3C67415F247FABEB00BC54CE /* MRHomeView.h */ = {isa = PBXFileReference; fileEncoding = 4; lastKnownFileType = sourcecode.c.h; path = MRHomeView.h; sourceTree = "<group>"; };
		3C674160247FABEB00BC54CE /* MRHomeViewController.h */ = {isa = PBXFileReference; fileEncoding = 4; lastKnownFileType = sourcecode.c.h; path = MRHomeViewController.h; sourceTree = "<group>"; };
		3C674161247FABEB00BC54CE /* MRHomeViewController+Methods.h */ = {isa = PBXFileReference; fileEncoding = 4; lastKnownFileType = sourcecode.c.h; path = "MRHomeViewController+Methods.h"; sourceTree = "<group>"; };
		3C674162247FABEB00BC54CE /* MRHomeViewCell.xib */ = {isa = PBXFileReference; fileEncoding = 4; lastKnownFileType = file.xib; path = MRHomeViewCell.xib; sourceTree = "<group>"; };
		3C674163247FABEB00BC54CE /* MRHomeViewCell.h */ = {isa = PBXFileReference; fileEncoding = 4; lastKnownFileType = sourcecode.c.h; path = MRHomeViewCell.h; sourceTree = "<group>"; };
		3C674164247FABEB00BC54CE /* MRHomeView.m */ = {isa = PBXFileReference; fileEncoding = 4; lastKnownFileType = sourcecode.c.objc; path = MRHomeView.m; sourceTree = "<group>"; };
		3C674165247FABEB00BC54CE /* MRHomeViewModel.h */ = {isa = PBXFileReference; fileEncoding = 4; lastKnownFileType = sourcecode.c.h; path = MRHomeViewModel.h; sourceTree = "<group>"; };
		3C674167247FABEB00BC54CE /* DeviceManagerViewModel.h */ = {isa = PBXFileReference; fileEncoding = 4; lastKnownFileType = sourcecode.c.h; path = DeviceManagerViewModel.h; sourceTree = "<group>"; };
		3C674168247FABEB00BC54CE /* DeviceManagerView.h */ = {isa = PBXFileReference; fileEncoding = 4; lastKnownFileType = sourcecode.c.h; path = DeviceManagerView.h; sourceTree = "<group>"; };
		3C674169247FABEB00BC54CE /* DeviceManagerViewController.h */ = {isa = PBXFileReference; fileEncoding = 4; lastKnownFileType = sourcecode.c.h; path = DeviceManagerViewController.h; sourceTree = "<group>"; };
		3C67416A247FABEB00BC54CE /* DeviceManagerViewCell.h */ = {isa = PBXFileReference; fileEncoding = 4; lastKnownFileType = sourcecode.c.h; path = DeviceManagerViewCell.h; sourceTree = "<group>"; };
		3C67416B247FABEB00BC54CE /* DeviceManagerViewController+Methods.h */ = {isa = PBXFileReference; fileEncoding = 4; lastKnownFileType = sourcecode.c.h; path = "DeviceManagerViewController+Methods.h"; sourceTree = "<group>"; };
		3C67416C247FABEB00BC54CE /* DeviceManagerViewModel.m */ = {isa = PBXFileReference; fileEncoding = 4; lastKnownFileType = sourcecode.c.objc; path = DeviceManagerViewModel.m; sourceTree = "<group>"; };
		3C67416D247FABEB00BC54CE /* DeviceManagerViewController.xib */ = {isa = PBXFileReference; fileEncoding = 4; lastKnownFileType = file.xib; path = DeviceManagerViewController.xib; sourceTree = "<group>"; };
		3C67416E247FABEB00BC54CE /* DeviceManagerViewController.m */ = {isa = PBXFileReference; fileEncoding = 4; lastKnownFileType = sourcecode.c.objc; path = DeviceManagerViewController.m; sourceTree = "<group>"; };
		3C67416F247FABEB00BC54CE /* DeviceManagerView.m */ = {isa = PBXFileReference; fileEncoding = 4; lastKnownFileType = sourcecode.c.objc; path = DeviceManagerView.m; sourceTree = "<group>"; };
		3C674170247FABEB00BC54CE /* DeviceManagerViewCell.xib */ = {isa = PBXFileReference; fileEncoding = 4; lastKnownFileType = file.xib; path = DeviceManagerViewCell.xib; sourceTree = "<group>"; };
		3C674171247FABEB00BC54CE /* DeviceManagerViewController+Methods.m */ = {isa = PBXFileReference; fileEncoding = 4; lastKnownFileType = sourcecode.c.objc; path = "DeviceManagerViewController+Methods.m"; sourceTree = "<group>"; };
		3C674172247FABEB00BC54CE /* DeviceManagerViewCell.m */ = {isa = PBXFileReference; fileEncoding = 4; lastKnownFileType = sourcecode.c.objc; path = DeviceManagerViewCell.m; sourceTree = "<group>"; };
		3C674175247FABEB00BC54CE /* zh-Hans */ = {isa = PBXFileReference; lastKnownFileType = text.plist.strings; name = "zh-Hans"; path = "zh-Hans.lproj/DeviceUpgradeViewController.strings"; sourceTree = "<group>"; };
		3C674176247FABEB00BC54CE /* en */ = {isa = PBXFileReference; lastKnownFileType = text.plist.strings; name = en; path = en.lproj/DeviceUpgradeViewController.strings; sourceTree = "<group>"; };
		3C674177247FABEB00BC54CE /* DeviceUpgradeViewController.m */ = {isa = PBXFileReference; fileEncoding = 4; lastKnownFileType = sourcecode.c.objc; path = DeviceUpgradeViewController.m; sourceTree = "<group>"; };
		3C674179247FABEB00BC54CE /* Base */ = {isa = PBXFileReference; lastKnownFileType = file.xib; name = Base; path = Base.lproj/DeviceUpgradeViewController.xib; sourceTree = "<group>"; };
		3C67417A247FABEB00BC54CE /* DeviceUpgradeViewController.h */ = {isa = PBXFileReference; fileEncoding = 4; lastKnownFileType = sourcecode.c.h; path = DeviceUpgradeViewController.h; sourceTree = "<group>"; };
		3C67417C247FABEB00BC54CE /* SyncDailyViewController.h */ = {isa = PBXFileReference; fileEncoding = 4; lastKnownFileType = sourcecode.c.h; path = SyncDailyViewController.h; sourceTree = "<group>"; };
		3C67417D247FABEB00BC54CE /* SyncDailyViewController.xib */ = {isa = PBXFileReference; fileEncoding = 4; lastKnownFileType = file.xib; path = SyncDailyViewController.xib; sourceTree = "<group>"; };
		3C67417E247FABEB00BC54CE /* SyncDailyViewController.m */ = {isa = PBXFileReference; fileEncoding = 4; lastKnownFileType = sourcecode.c.objc; path = SyncDailyViewController.m; sourceTree = "<group>"; };
		3C674181247FABEB00BC54CE /* MegaRingV2_V7964.zip */ = {isa = PBXFileReference; lastKnownFileType = archive.zip; path = MegaRingV2_V7964.zip; sourceTree = "<group>"; };
		3C674182247FABEB00BC54CE /* MegaRingV3_V9154.zip */ = {isa = PBXFileReference; lastKnownFileType = archive.zip; path = MegaRingV3_V9154.zip; sourceTree = "<group>"; };
		3C674184247FABEB00BC54CE /* dailydata20200421 */ = {isa = PBXFileReference; lastKnownFileType = file; path = dailydata20200421; sourceTree = "<group>"; };
		3C674185247FABEB00BC54CE /* sdkdata_1557202185 */ = {isa = PBXFileReference; lastKnownFileType = file; path = sdkdata_1557202185; sourceTree = "<group>"; };
		3C674187247FABEB00BC54CE /* test1 */ = {isa = PBXFileReference; lastKnownFileType = file; path = test1; sourceTree = "<group>"; };
		3C674188247FABEB00BC54CE /* err_data */ = {isa = PBXFileReference; lastKnownFileType = file; path = err_data; sourceTree = "<group>"; };
		3C674189247FABEB00BC54CE /* test2 */ = {isa = PBXFileReference; lastKnownFileType = file; path = test2; sourceTree = "<group>"; };
		3C67418A247FABEB00BC54CE /* ble_18_07_18_06_51_59.bin */ = {isa = PBXFileReference; lastKnownFileType = archive.macbinary; path = ble_18_07_18_06_51_59.bin; sourceTree = "<group>"; };
		3C67418C247FABEB00BC54CE /* circul_5ec2376b73e25500087c8f32 */ = {isa = PBXFileReference; lastKnownFileType = file; path = circul_5ec2376b73e25500087c8f32; sourceTree = "<group>"; };
		3C67418D247FABEB00BC54CE /* circul_5ec23768c96f350009160aed */ = {isa = PBXFileReference; lastKnownFileType = file; path = circul_5ec23768c96f350009160aed; sourceTree = "<group>"; };
		3C67418E247FABEB00BC54CE /* PrefixHeader.pch */ = {isa = PBXFileReference; fileEncoding = 4; lastKnownFileType = sourcecode.c.h; path = PrefixHeader.pch; sourceTree = "<group>"; };
		3C674191247FABEB00BC54CE /* zh-Hans */ = {isa = PBXFileReference; lastKnownFileType = text.plist.strings; name = "zh-Hans"; path = "zh-Hans.lproj/Localizable.strings"; sourceTree = "<group>"; };
		3C674193247FABEB00BC54CE /* zh-Hans */ = {isa = PBXFileReference; lastKnownFileType = text.plist.strings; name = "zh-Hans"; path = "zh-Hans.lproj/InfoPlist.strings"; sourceTree = "<group>"; };
		3C674194247FABEB00BC54CE /* en */ = {isa = PBXFileReference; lastKnownFileType = text.plist.strings; name = en; path = en.lproj/Localizable.strings; sourceTree = "<group>"; };
		3C674195247FABEB00BC54CE /* en */ = {isa = PBXFileReference; lastKnownFileType = text.plist.strings; name = en; path = en.lproj/InfoPlist.strings; sourceTree = "<group>"; };
		3C674196247FABEB00BC54CE /* LocalStringKeys.m */ = {isa = PBXFileReference; fileEncoding = 4; lastKnownFileType = sourcecode.c.objc; path = LocalStringKeys.m; sourceTree = "<group>"; };
		3C674197247FABEB00BC54CE /* LocalStringKeys.h */ = {isa = PBXFileReference; fileEncoding = 4; lastKnownFileType = sourcecode.c.h; path = LocalStringKeys.h; sourceTree = "<group>"; };
		3C67419A247FABEB00BC54CE /* zh-Hans */ = {isa = PBXFileReference; lastKnownFileType = text.plist.strings; name = "zh-Hans"; path = "zh-Hans.lproj/MRDefaultView.strings"; sourceTree = "<group>"; };
		3C67419B247FABEB00BC54CE /* en */ = {isa = PBXFileReference; lastKnownFileType = text.plist.strings; name = en; path = en.lproj/MRDefaultView.strings; sourceTree = "<group>"; };
		3C67419C247FABEB00BC54CE /* IBCustomView.h */ = {isa = PBXFileReference; fileEncoding = 4; lastKnownFileType = sourcecode.c.h; path = IBCustomView.h; sourceTree = "<group>"; };
		3C67419D247FABEB00BC54CE /* MRDefaultView.h */ = {isa = PBXFileReference; fileEncoding = 4; lastKnownFileType = sourcecode.c.h; path = MRDefaultView.h; sourceTree = "<group>"; };
		3C67419F247FABEB00BC54CE /* Base */ = {isa = PBXFileReference; lastKnownFileType = file.xib; name = Base; path = Base.lproj/MRDefaultView.xib; sourceTree = "<group>"; };
		3C6741A0247FABEB00BC54CE /* IBCustomView.m */ = {isa = PBXFileReference; fileEncoding = 4; lastKnownFileType = sourcecode.c.objc; path = IBCustomView.m; sourceTree = "<group>"; };
		3C6741A1247FABEB00BC54CE /* MRDefaultView.m */ = {isa = PBXFileReference; fileEncoding = 4; lastKnownFileType = sourcecode.c.objc; path = MRDefaultView.m; sourceTree = "<group>"; };
		3CCA8FE42445549D004CDA77 /* MRFramework.framework */ = {isa = PBXFileReference; lastKnownFileType = wrapper.framework; path = MRFramework.framework; sourceTree = "<group>"; };
		CF40867F209C026F00E3E8E7 /* MRNavigarionController.h */ = {isa = PBXFileReference; lastKnownFileType = sourcecode.c.h; path = MRNavigarionController.h; sourceTree = "<group>"; };
		CF408680209C026F00E3E8E7 /* MRNavigarionController.m */ = {isa = PBXFileReference; lastKnownFileType = sourcecode.c.objc; path = MRNavigarionController.m; sourceTree = "<group>"; };
		CF665A10209B181A009EF6A6 /* MegaRingBLE.app */ = {isa = PBXFileReference; explicitFileType = wrapper.application; includeInIndex = 0; path = MegaRingBLE.app; sourceTree = BUILT_PRODUCTS_DIR; };
		CF665A13209B181A009EF6A6 /* AppDelegate.h */ = {isa = PBXFileReference; lastKnownFileType = sourcecode.c.h; path = AppDelegate.h; sourceTree = "<group>"; };
		CF665A14209B181A009EF6A6 /* AppDelegate.m */ = {isa = PBXFileReference; lastKnownFileType = sourcecode.c.objc; path = AppDelegate.m; sourceTree = "<group>"; };
		CF665A1A209B181A009EF6A6 /* Base */ = {isa = PBXFileReference; lastKnownFileType = file.storyboard; name = Base; path = Base.lproj/Main.storyboard; sourceTree = "<group>"; };
		CF665A1C209B181B009EF6A6 /* Assets.xcassets */ = {isa = PBXFileReference; lastKnownFileType = folder.assetcatalog; path = Assets.xcassets; sourceTree = "<group>"; };
		CF665A1F209B181B009EF6A6 /* Base */ = {isa = PBXFileReference; lastKnownFileType = file.storyboard; name = Base; path = Base.lproj/LaunchScreen.storyboard; sourceTree = "<group>"; };
		CF665A21209B181B009EF6A6 /* Info.plist */ = {isa = PBXFileReference; lastKnownFileType = text.plist.xml; path = Info.plist; sourceTree = "<group>"; };
		CF665A22209B181B009EF6A6 /* main.m */ = {isa = PBXFileReference; lastKnownFileType = sourcecode.c.objc; path = main.m; sourceTree = "<group>"; };
		CF665A28209B181B009EF6A6 /* MegaRingBLETests.xctest */ = {isa = PBXFileReference; explicitFileType = wrapper.cfbundle; includeInIndex = 0; path = MegaRingBLETests.xctest; sourceTree = BUILT_PRODUCTS_DIR; };
		CF665A2C209B181B009EF6A6 /* MegaRingBLETests.m */ = {isa = PBXFileReference; lastKnownFileType = sourcecode.c.objc; path = MegaRingBLETests.m; sourceTree = "<group>"; };
		CF665A2E209B181B009EF6A6 /* Info.plist */ = {isa = PBXFileReference; lastKnownFileType = text.plist.xml; path = Info.plist; sourceTree = "<group>"; };
		CF665A33209B181B009EF6A6 /* MegaRingBLEUITests.xctest */ = {isa = PBXFileReference; explicitFileType = wrapper.cfbundle; includeInIndex = 0; path = MegaRingBLEUITests.xctest; sourceTree = BUILT_PRODUCTS_DIR; };
		CF665A37209B181B009EF6A6 /* MegaRingBLEUITests.m */ = {isa = PBXFileReference; lastKnownFileType = sourcecode.c.objc; path = MegaRingBLEUITests.m; sourceTree = "<group>"; };
		CF665A39209B181B009EF6A6 /* Info.plist */ = {isa = PBXFileReference; lastKnownFileType = text.plist.xml; path = Info.plist; sourceTree = "<group>"; };
/* End PBXFileReference section */

/* Begin PBXFrameworksBuildPhase section */
		CF665A0D209B181A009EF6A6 /* Frameworks */ = {
			isa = PBXFrameworksBuildPhase;
			buildActionMask = 2147483647;
			files = (
				3CCA8FE52445549D004CDA77 /* MRFramework.framework in Frameworks */,
			);
			runOnlyForDeploymentPostprocessing = 0;
		};
		CF665A25209B181B009EF6A6 /* Frameworks */ = {
			isa = PBXFrameworksBuildPhase;
			buildActionMask = 2147483647;
			files = (
			);
			runOnlyForDeploymentPostprocessing = 0;
		};
		CF665A30209B181B009EF6A6 /* Frameworks */ = {
			isa = PBXFrameworksBuildPhase;
			buildActionMask = 2147483647;
			files = (
			);
			runOnlyForDeploymentPostprocessing = 0;
		};
/* End PBXFrameworksBuildPhase section */

/* Begin PBXGroup section */
		3C674127247FABEB00BC54CE /* Contents */ = {
			isa = PBXGroup;
			children = (
				3C674128247FABEB00BC54CE /* Supports */,
				3C674152247FABEB00BC54CE /* Utils */,
				3C674158247FABEB00BC54CE /* ViewControllers */,
				3C67417F247FABEB00BC54CE /* Resource */,
				3C674198247FABEB00BC54CE /* Views */,
			);
			path = Contents;
			sourceTree = "<group>";
		};
		3C674128247FABEB00BC54CE /* Supports */ = {
			isa = PBXGroup;
			children = (
				3C674129247FABEB00BC54CE /* SSZipArchive */,
			);
			path = Supports;
			sourceTree = "<group>";
		};
		3C674129247FABEB00BC54CE /* SSZipArchive */ = {
			isa = PBXGroup;
			children = (
				3C67412A247FABEB00BC54CE /* ZipArchive.h */,
				3C67412B247FABEB00BC54CE /* minizip */,
				3C67414F247FABEB00BC54CE /* SSZipArchive.h */,
				3C674150247FABEB00BC54CE /* SSZipCommon.h */,
				3C674151247FABEB00BC54CE /* SSZipArchive.m */,
			);
			path = SSZipArchive;
			sourceTree = "<group>";
		};
		3C67412B247FABEB00BC54CE /* minizip */ = {
			isa = PBXGroup;
			children = (
				3C67412C247FABEB00BC54CE /* crypt.c */,
				3C67412D247FABEB00BC54CE /* unzip.c */,
				3C67412E247FABEB00BC54CE /* zip.c */,
				3C67412F247FABEB00BC54CE /* minishared.h */,
				3C674130247FABEB00BC54CE /* ioapi.c */,
				3C674131247FABEB00BC54CE /* ioapi_mem.h */,
				3C674132247FABEB00BC54CE /* ioapi_buf.c */,
				3C674133247FABEB00BC54CE /* crypt.h */,
				3C674134247FABEB00BC54CE /* zip.h */,
				3C674135247FABEB00BC54CE /* unzip.h */,
				3C674136247FABEB00BC54CE /* ioapi_mem.c */,
				3C674137247FABEB00BC54CE /* minishared.c */,
				3C674138247FABEB00BC54CE /* ioapi.h */,
				3C674139247FABEB00BC54CE /* ioapi_buf.h */,
				3C67413A247FABEB00BC54CE /* aes */,
			);
			path = minizip;
			sourceTree = "<group>";
		};
		3C67413A247FABEB00BC54CE /* aes */ = {
			isa = PBXGroup;
			children = (
				3C67413B247FABEB00BC54CE /* prng.h */,
				3C67413C247FABEB00BC54CE /* aes_ni.h */,
				3C67413D247FABEB00BC54CE /* aeskey.c */,
				3C67413E247FABEB00BC54CE /* hmac.c */,
				3C67413F247FABEB00BC54CE /* aestab.h */,
				3C674140247FABEB00BC54CE /* pwd2key.h */,
				3C674141247FABEB00BC54CE /* aescrypt.c */,
				3C674142247FABEB00BC54CE /* fileenc.c */,
				3C674143247FABEB00BC54CE /* aesopt.h */,
				3C674144247FABEB00BC54CE /* sha1.c */,
				3C674145247FABEB00BC54CE /* brg_types.h */,
				3C674146247FABEB00BC54CE /* hmac.h */,
				3C674147247FABEB00BC54CE /* aes_ni.c */,
				3C674148247FABEB00BC54CE /* brg_endian.h */,
				3C674149247FABEB00BC54CE /* prng.c */,
				3C67414A247FABEB00BC54CE /* aes.h */,
				3C67414B247FABEB00BC54CE /* pwd2key.c */,
				3C67414C247FABEB00BC54CE /* aestab.c */,
				3C67414D247FABEB00BC54CE /* sha1.h */,
				3C67414E247FABEB00BC54CE /* fileenc.h */,
			);
			path = aes;
			sourceTree = "<group>";
		};
		3C674152247FABEB00BC54CE /* Utils */ = {
			isa = PBXGroup;
			children = (
				3C674153247FABEB00BC54CE /* DemoDefines.h */,
				3C674154247FABEB00BC54CE /* MRIndicatorView.h */,
				3C674155247FABEB00BC54CE /* UIViewController+Extension.m */,
				3C674156247FABEB00BC54CE /* UIViewController+Extension.h */,
				3C674157247FABEB00BC54CE /* MRIndicatorView.m */,
			);
			path = Utils;
			sourceTree = "<group>";
		};
		3C674158247FABEB00BC54CE /* ViewControllers */ = {
			isa = PBXGroup;
			children = (
				3C674159247FABEB00BC54CE /* MRHome */,
				3C674166247FABEB00BC54CE /* DeviceManager */,
				3C674173247FABEB00BC54CE /* DeviceUpgrade */,
				3C67417B247FABEB00BC54CE /* SyncDaily */,
			);
			path = ViewControllers;
			sourceTree = "<group>";
		};
		3C674159247FABEB00BC54CE /* MRHome */ = {
			isa = PBXGroup;
			children = (
				3C67415A247FABEB00BC54CE /* MRHomeViewController.m */,
				3C67415B247FABEB00BC54CE /* MRHomeViewController.xib */,
				3C67415C247FABEB00BC54CE /* MrHomeViewCell.m */,
				3C67415D247FABEB00BC54CE /* MRHomeViewController+Methods.m */,
				3C67415E247FABEB00BC54CE /* MRHomeViewModel.m */,
				3C67415F247FABEB00BC54CE /* MRHomeView.h */,
				3C674160247FABEB00BC54CE /* MRHomeViewController.h */,
				3C674161247FABEB00BC54CE /* MRHomeViewController+Methods.h */,
				3C674162247FABEB00BC54CE /* MRHomeViewCell.xib */,
				3C674163247FABEB00BC54CE /* MRHomeViewCell.h */,
				3C674164247FABEB00BC54CE /* MRHomeView.m */,
				3C674165247FABEB00BC54CE /* MRHomeViewModel.h */,
			);
			path = MRHome;
			sourceTree = "<group>";
		};
		3C674166247FABEB00BC54CE /* DeviceManager */ = {
			isa = PBXGroup;
			children = (
				3C674167247FABEB00BC54CE /* DeviceManagerViewModel.h */,
				3C674168247FABEB00BC54CE /* DeviceManagerView.h */,
				3C674169247FABEB00BC54CE /* DeviceManagerViewController.h */,
				3C67416A247FABEB00BC54CE /* DeviceManagerViewCell.h */,
				3C67416B247FABEB00BC54CE /* DeviceManagerViewController+Methods.h */,
				3C67416C247FABEB00BC54CE /* DeviceManagerViewModel.m */,
				3C67416D247FABEB00BC54CE /* DeviceManagerViewController.xib */,
				3C67416E247FABEB00BC54CE /* DeviceManagerViewController.m */,
				3C67416F247FABEB00BC54CE /* DeviceManagerView.m */,
				3C674170247FABEB00BC54CE /* DeviceManagerViewCell.xib */,
				3C674171247FABEB00BC54CE /* DeviceManagerViewController+Methods.m */,
				3C674172247FABEB00BC54CE /* DeviceManagerViewCell.m */,
			);
			path = DeviceManager;
			sourceTree = "<group>";
		};
		3C674173247FABEB00BC54CE /* DeviceUpgrade */ = {
			isa = PBXGroup;
			children = (
				3C674174247FABEB00BC54CE /* DeviceUpgradeViewController.strings */,
				3C674177247FABEB00BC54CE /* DeviceUpgradeViewController.m */,
				3C674178247FABEB00BC54CE /* DeviceUpgradeViewController.xib */,
				3C67417A247FABEB00BC54CE /* DeviceUpgradeViewController.h */,
			);
			path = DeviceUpgrade;
			sourceTree = "<group>";
		};
		3C67417B247FABEB00BC54CE /* SyncDaily */ = {
			isa = PBXGroup;
			children = (
				3C67417C247FABEB00BC54CE /* SyncDailyViewController.h */,
				3C67417D247FABEB00BC54CE /* SyncDailyViewController.xib */,
				3C67417E247FABEB00BC54CE /* SyncDailyViewController.m */,
			);
			path = SyncDaily;
			sourceTree = "<group>";
		};
		3C67417F247FABEB00BC54CE /* Resource */ = {
			isa = PBXGroup;
			children = (
				3C674180247FABEB00BC54CE /* Firmware */,
				3C674183247FABEB00BC54CE /* ReportData */,
				3C67418E247FABEB00BC54CE /* PrefixHeader.pch */,
				3C67418F247FABEB00BC54CE /* Localization */,
			);
			path = Resource;
			sourceTree = "<group>";
		};
		3C674180247FABEB00BC54CE /* Firmware */ = {
			isa = PBXGroup;
			children = (
				3C674181247FABEB00BC54CE /* MegaRingV2_V7964.zip */,
				3C674182247FABEB00BC54CE /* MegaRingV3_V9154.zip */,
			);
			path = Firmware;
			sourceTree = "<group>";
		};
		3C674183247FABEB00BC54CE /* ReportData */ = {
			isa = PBXGroup;
			children = (
				3C674184247FABEB00BC54CE /* dailydata20200421 */,
				3C674185247FABEB00BC54CE /* sdkdata_1557202185 */,
				3C674186247FABEB00BC54CE /* sleep */,
				3C67418A247FABEB00BC54CE /* ble_18_07_18_06_51_59.bin */,
				3C67418B247FABEB00BC54CE /* sport */,
			);
			path = ReportData;
			sourceTree = "<group>";
		};
		3C674186247FABEB00BC54CE /* sleep */ = {
			isa = PBXGroup;
			children = (
				3C674187247FABEB00BC54CE /* test1 */,
				3C674188247FABEB00BC54CE /* err_data */,
				3C674189247FABEB00BC54CE /* test2 */,
			);
			path = sleep;
			sourceTree = "<group>";
		};
		3C67418B247FABEB00BC54CE /* sport */ = {
			isa = PBXGroup;
			children = (
				3C67418C247FABEB00BC54CE /* circul_5ec2376b73e25500087c8f32 */,
				3C67418D247FABEB00BC54CE /* circul_5ec23768c96f350009160aed */,
			);
			path = sport;
			sourceTree = "<group>";
		};
		3C67418F247FABEB00BC54CE /* Localization */ = {
			isa = PBXGroup;
			children = (
				3C674190247FABEB00BC54CE /* Localizable.strings */,
				3C674192247FABEB00BC54CE /* InfoPlist.strings */,
				3C674196247FABEB00BC54CE /* LocalStringKeys.m */,
				3C674197247FABEB00BC54CE /* LocalStringKeys.h */,
			);
			path = Localization;
			sourceTree = "<group>";
		};
		3C674198247FABEB00BC54CE /* Views */ = {
			isa = PBXGroup;
			children = (
				3C674199247FABEB00BC54CE /* MRDefaultView.strings */,
				3C67419C247FABEB00BC54CE /* IBCustomView.h */,
				3C67419D247FABEB00BC54CE /* MRDefaultView.h */,
				3C67419E247FABEB00BC54CE /* MRDefaultView.xib */,
				3C6741A0247FABEB00BC54CE /* IBCustomView.m */,
				3C6741A1247FABEB00BC54CE /* MRDefaultView.m */,
			);
			path = Views;
			sourceTree = "<group>";
		};
		CF4545212243925A003180A5 /* Frameworks */ = {
			isa = PBXGroup;
			children = (
			);
			name = Frameworks;
			sourceTree = "<group>";
		};
		CF665A07209B181A009EF6A6 = {
			isa = PBXGroup;
			children = (
				3C674127247FABEB00BC54CE /* Contents */,
				3CCA8FE42445549D004CDA77 /* MRFramework.framework */,
				CF665A12209B181A009EF6A6 /* MegaRingBLE */,
				CF665A2B209B181B009EF6A6 /* MegaRingBLETests */,
				CF665A36209B181B009EF6A6 /* MegaRingBLEUITests */,
				CF665A11209B181A009EF6A6 /* Products */,
				CF4545212243925A003180A5 /* Frameworks */,
			);
			sourceTree = "<group>";
		};
		CF665A11209B181A009EF6A6 /* Products */ = {
			isa = PBXGroup;
			children = (
				CF665A10209B181A009EF6A6 /* MegaRingBLE.app */,
				CF665A28209B181B009EF6A6 /* MegaRingBLETests.xctest */,
				CF665A33209B181B009EF6A6 /* MegaRingBLEUITests.xctest */,
			);
			name = Products;
			sourceTree = "<group>";
		};
		CF665A12209B181A009EF6A6 /* MegaRingBLE */ = {
			isa = PBXGroup;
			children = (
				CF665A13209B181A009EF6A6 /* AppDelegate.h */,
				CF665A14209B181A009EF6A6 /* AppDelegate.m */,
				CF40867F209C026F00E3E8E7 /* MRNavigarionController.h */,
				CF408680209C026F00E3E8E7 /* MRNavigarionController.m */,
				CF665A19209B181A009EF6A6 /* Main.storyboard */,
				CF665A1C209B181B009EF6A6 /* Assets.xcassets */,
				CF665A1E209B181B009EF6A6 /* LaunchScreen.storyboard */,
				CF665A21209B181B009EF6A6 /* Info.plist */,
				CF665A22209B181B009EF6A6 /* main.m */,
			);
			path = MegaRingBLE;
			sourceTree = "<group>";
		};
		CF665A2B209B181B009EF6A6 /* MegaRingBLETests */ = {
			isa = PBXGroup;
			children = (
				CF665A2C209B181B009EF6A6 /* MegaRingBLETests.m */,
				CF665A2E209B181B009EF6A6 /* Info.plist */,
			);
			path = MegaRingBLETests;
			sourceTree = "<group>";
		};
		CF665A36209B181B009EF6A6 /* MegaRingBLEUITests */ = {
			isa = PBXGroup;
			children = (
				CF665A37209B181B009EF6A6 /* MegaRingBLEUITests.m */,
				CF665A39209B181B009EF6A6 /* Info.plist */,
			);
			path = MegaRingBLEUITests;
			sourceTree = "<group>";
		};
/* End PBXGroup section */

/* Begin PBXNativeTarget section */
		CF665A0F209B181A009EF6A6 /* MegaRingBLE */ = {
			isa = PBXNativeTarget;
			buildConfigurationList = CF665A3C209B181B009EF6A6 /* Build configuration list for PBXNativeTarget "MegaRingBLE" */;
			buildPhases = (
				CF665A0C209B181A009EF6A6 /* Sources */,
				CF665A0D209B181A009EF6A6 /* Frameworks */,
				CF665A0E209B181A009EF6A6 /* Resources */,
				3CD2CA46241A3F16000C8F82 /* CopyFiles */,
			);
			buildRules = (
			);
			dependencies = (
			);
			name = MegaRingBLE;
			productName = MegaRingBLE;
			productReference = CF665A10209B181A009EF6A6 /* MegaRingBLE.app */;
			productType = "com.apple.product-type.application";
		};
		CF665A27209B181B009EF6A6 /* MegaRingBLETests */ = {
			isa = PBXNativeTarget;
			buildConfigurationList = CF665A3F209B181B009EF6A6 /* Build configuration list for PBXNativeTarget "MegaRingBLETests" */;
			buildPhases = (
				CF665A24209B181B009EF6A6 /* Sources */,
				CF665A25209B181B009EF6A6 /* Frameworks */,
				CF665A26209B181B009EF6A6 /* Resources */,
			);
			buildRules = (
			);
			dependencies = (
				CF665A2A209B181B009EF6A6 /* PBXTargetDependency */,
			);
			name = MegaRingBLETests;
			productName = MegaRingBLETests;
			productReference = CF665A28209B181B009EF6A6 /* MegaRingBLETests.xctest */;
			productType = "com.apple.product-type.bundle.unit-test";
		};
		CF665A32209B181B009EF6A6 /* MegaRingBLEUITests */ = {
			isa = PBXNativeTarget;
			buildConfigurationList = CF665A42209B181B009EF6A6 /* Build configuration list for PBXNativeTarget "MegaRingBLEUITests" */;
			buildPhases = (
				CF665A2F209B181B009EF6A6 /* Sources */,
				CF665A30209B181B009EF6A6 /* Frameworks */,
				CF665A31209B181B009EF6A6 /* Resources */,
			);
			buildRules = (
			);
			dependencies = (
				CF665A35209B181B009EF6A6 /* PBXTargetDependency */,
			);
			name = MegaRingBLEUITests;
			productName = MegaRingBLEUITests;
			productReference = CF665A33209B181B009EF6A6 /* MegaRingBLEUITests.xctest */;
			productType = "com.apple.product-type.bundle.ui-testing";
		};
/* End PBXNativeTarget section */

/* Begin PBXProject section */
		CF665A08209B181A009EF6A6 /* Project object */ = {
			isa = PBXProject;
			attributes = {
				LastUpgradeCheck = 0930;
				ORGANIZATIONNAME = Superman;
				TargetAttributes = {
					CF665A0F209B181A009EF6A6 = {
						CreatedOnToolsVersion = 9.3;
						SystemCapabilities = {
							com.apple.BackgroundModes = {
								enabled = 1;
							};
						};
					};
					CF665A27209B181B009EF6A6 = {
						CreatedOnToolsVersion = 9.3;
						TestTargetID = CF665A0F209B181A009EF6A6;
					};
					CF665A32209B181B009EF6A6 = {
						CreatedOnToolsVersion = 9.3;
						TestTargetID = CF665A0F209B181A009EF6A6;
					};
				};
			};
			buildConfigurationList = CF665A0B209B181A009EF6A6 /* Build configuration list for PBXProject "MegaRingBLE" */;
			compatibilityVersion = "Xcode 9.3";
			developmentRegion = en;
			hasScannedForEncodings = 0;
			knownRegions = (
				en,
				Base,
				"zh-Hans",
			);
			mainGroup = CF665A07209B181A009EF6A6;
			productRefGroup = CF665A11209B181A009EF6A6 /* Products */;
			projectDirPath = "";
			projectRoot = "";
			targets = (
				CF665A0F209B181A009EF6A6 /* MegaRingBLE */,
				CF665A27209B181B009EF6A6 /* MegaRingBLETests */,
				CF665A32209B181B009EF6A6 /* MegaRingBLEUITests */,
			);
		};
/* End PBXProject section */

/* Begin PBXResourcesBuildPhase section */
		CF665A0E209B181A009EF6A6 /* Resources */ = {
			isa = PBXResourcesBuildPhase;
			buildActionMask = 2147483647;
			files = (
				3C6741CF247FABEC00BC54CE /* ble_18_07_18_06_51_59.bin in Resources */,
				3C6741D6247FABEC00BC54CE /* MRDefaultView.xib in Resources */,
				3C6741D5247FABEC00BC54CE /* MRDefaultView.strings in Resources */,
				3C6741CC247FABEC00BC54CE /* test1 in Resources */,
				3C6741C9247FABEC00BC54CE /* MegaRingV3_V9154.zip in Resources */,
				3C6741B6247FABEB00BC54CE /* MRHomeViewController.xib in Resources */,
				3C6741C5247FABEC00BC54CE /* DeviceUpgradeViewController.xib in Resources */,
				3C6741C8247FABEC00BC54CE /* MegaRingV2_V7964.zip in Resources */,
				3C6741CA247FABEC00BC54CE /* dailydata20200421 in Resources */,
				3C6741BA247FABEB00BC54CE /* MRHomeViewCell.xib in Resources */,
				3C6741C3247FABEC00BC54CE /* DeviceUpgradeViewController.strings in Resources */,
				3C6741D3247FABEC00BC54CE /* InfoPlist.strings in Resources */,
				CF665A20209B181B009EF6A6 /* LaunchScreen.storyboard in Resources */,
				3C6741D2247FABEC00BC54CE /* Localizable.strings in Resources */,
				3C6741D0247FABEC00BC54CE /* circul_5ec2376b73e25500087c8f32 in Resources */,
				CF665A1D209B181B009EF6A6 /* Assets.xcassets in Resources */,
				3C6741CD247FABEC00BC54CE /* err_data in Resources */,
				3C6741D1247FABEC00BC54CE /* circul_5ec23768c96f350009160aed in Resources */,
				3C6741BD247FABEC00BC54CE /* DeviceManagerViewController.xib in Resources */,
				3C6741C6247FABEC00BC54CE /* SyncDailyViewController.xib in Resources */,
				3C6741CB247FABEC00BC54CE /* sdkdata_1557202185 in Resources */,
				3C6741CE247FABEC00BC54CE /* test2 in Resources */,
				3C6741C0247FABEC00BC54CE /* DeviceManagerViewCell.xib in Resources */,
				CF665A1B209B181A009EF6A6 /* Main.storyboard in Resources */,
			);
			runOnlyForDeploymentPostprocessing = 0;
		};
		CF665A26209B181B009EF6A6 /* Resources */ = {
			isa = PBXResourcesBuildPhase;
			buildActionMask = 2147483647;
			files = (
			);
			runOnlyForDeploymentPostprocessing = 0;
		};
		CF665A31209B181B009EF6A6 /* Resources */ = {
			isa = PBXResourcesBuildPhase;
			buildActionMask = 2147483647;
			files = (
			);
			runOnlyForDeploymentPostprocessing = 0;
		};
/* End PBXResourcesBuildPhase section */

/* Begin PBXSourcesBuildPhase section */
		CF665A0C209B181A009EF6A6 /* Sources */ = {
			isa = PBXSourcesBuildPhase;
			buildActionMask = 2147483647;
			files = (
				3C6741AD247FABEB00BC54CE /* sha1.c in Sources */,
				3C6741B4247FABEB00BC54CE /* MRIndicatorView.m in Sources */,
				3C6741AA247FABEB00BC54CE /* hmac.c in Sources */,
				3C6741A7247FABEB00BC54CE /* ioapi_mem.c in Sources */,
				3C6741D4247FABEC00BC54CE /* LocalStringKeys.m in Sources */,
				3C6741AB247FABEB00BC54CE /* aescrypt.c in Sources */,
				CF408681209C026F00E3E8E7 /* MRNavigarionController.m in Sources */,
				3C6741BB247FABEC00BC54CE /* MRHomeView.m in Sources */,
				3C6741B7247FABEB00BC54CE /* MrHomeViewCell.m in Sources */,
				3C6741A9247FABEB00BC54CE /* aeskey.c in Sources */,
				3C6741A3247FABEB00BC54CE /* unzip.c in Sources */,
				3C6741AF247FABEB00BC54CE /* prng.c in Sources */,
				3C6741C7247FABEC00BC54CE /* SyncDailyViewController.m in Sources */,
				3C6741A6247FABEB00BC54CE /* ioapi_buf.c in Sources */,
				3C6741C1247FABEC00BC54CE /* DeviceManagerViewController+Methods.m in Sources */,
				3C6741B3247FABEB00BC54CE /* UIViewController+Extension.m in Sources */,
				3C6741AE247FABEB00BC54CE /* aes_ni.c in Sources */,
				CF665A23209B181B009EF6A6 /* main.m in Sources */,
				3C6741D7247FABEC00BC54CE /* IBCustomView.m in Sources */,
				3C6741B5247FABEB00BC54CE /* MRHomeViewController.m in Sources */,
				3C6741B8247FABEB00BC54CE /* MRHomeViewController+Methods.m in Sources */,
				3C6741A4247FABEB00BC54CE /* zip.c in Sources */,
				3C6741A2247FABEB00BC54CE /* crypt.c in Sources */,
				CF665A15209B181A009EF6A6 /* AppDelegate.m in Sources */,
				3C6741A5247FABEB00BC54CE /* ioapi.c in Sources */,
				3C6741AC247FABEB00BC54CE /* fileenc.c in Sources */,
				3C6741B2247FABEB00BC54CE /* SSZipArchive.m in Sources */,
				3C6741C2247FABEC00BC54CE /* DeviceManagerViewCell.m in Sources */,
				3C6741B9247FABEB00BC54CE /* MRHomeViewModel.m in Sources */,
				3C6741BF247FABEC00BC54CE /* DeviceManagerView.m in Sources */,
				3C6741D8247FABEC00BC54CE /* MRDefaultView.m in Sources */,
				3C6741B0247FABEB00BC54CE /* pwd2key.c in Sources */,
				3C6741A8247FABEB00BC54CE /* minishared.c in Sources */,
				3C6741BE247FABEC00BC54CE /* DeviceManagerViewController.m in Sources */,
				3C6741C4247FABEC00BC54CE /* DeviceUpgradeViewController.m in Sources */,
				3C6741BC247FABEC00BC54CE /* DeviceManagerViewModel.m in Sources */,
				3C6741B1247FABEB00BC54CE /* aestab.c in Sources */,
			);
			runOnlyForDeploymentPostprocessing = 0;
		};
		CF665A24209B181B009EF6A6 /* Sources */ = {
			isa = PBXSourcesBuildPhase;
			buildActionMask = 2147483647;
			files = (
				CF665A2D209B181B009EF6A6 /* MegaRingBLETests.m in Sources */,
			);
			runOnlyForDeploymentPostprocessing = 0;
		};
		CF665A2F209B181B009EF6A6 /* Sources */ = {
			isa = PBXSourcesBuildPhase;
			buildActionMask = 2147483647;
			files = (
				CF665A38209B181B009EF6A6 /* MegaRingBLEUITests.m in Sources */,
			);
			runOnlyForDeploymentPostprocessing = 0;
		};
/* End PBXSourcesBuildPhase section */

/* Begin PBXTargetDependency section */
		CF665A2A209B181B009EF6A6 /* PBXTargetDependency */ = {
			isa = PBXTargetDependency;
			target = CF665A0F209B181A009EF6A6 /* MegaRingBLE */;
			targetProxy = CF665A29209B181B009EF6A6 /* PBXContainerItemProxy */;
		};
		CF665A35209B181B009EF6A6 /* PBXTargetDependency */ = {
			isa = PBXTargetDependency;
			target = CF665A0F209B181A009EF6A6 /* MegaRingBLE */;
			targetProxy = CF665A34209B181B009EF6A6 /* PBXContainerItemProxy */;
		};
/* End PBXTargetDependency section */

/* Begin PBXVariantGroup section */
		3C674174247FABEB00BC54CE /* DeviceUpgradeViewController.strings */ = {
			isa = PBXVariantGroup;
			children = (
				3C674175247FABEB00BC54CE /* zh-Hans */,
				3C674176247FABEB00BC54CE /* en */,
			);
			name = DeviceUpgradeViewController.strings;
			sourceTree = "<group>";
		};
		3C674178247FABEB00BC54CE /* DeviceUpgradeViewController.xib */ = {
			isa = PBXVariantGroup;
			children = (
				3C674179247FABEB00BC54CE /* Base */,
			);
			name = DeviceUpgradeViewController.xib;
			sourceTree = "<group>";
		};
		3C674190247FABEB00BC54CE /* Localizable.strings */ = {
			isa = PBXVariantGroup;
			children = (
				3C674191247FABEB00BC54CE /* zh-Hans */,
				3C674194247FABEB00BC54CE /* en */,
			);
			name = Localizable.strings;
			sourceTree = "<group>";
		};
		3C674192247FABEB00BC54CE /* InfoPlist.strings */ = {
			isa = PBXVariantGroup;
			children = (
				3C674193247FABEB00BC54CE /* zh-Hans */,
				3C674195247FABEB00BC54CE /* en */,
			);
			name = InfoPlist.strings;
			sourceTree = "<group>";
		};
		3C674199247FABEB00BC54CE /* MRDefaultView.strings */ = {
			isa = PBXVariantGroup;
			children = (
				3C67419A247FABEB00BC54CE /* zh-Hans */,
				3C67419B247FABEB00BC54CE /* en */,
			);
			name = MRDefaultView.strings;
			sourceTree = "<group>";
		};
		3C67419E247FABEB00BC54CE /* MRDefaultView.xib */ = {
			isa = PBXVariantGroup;
			children = (
				3C67419F247FABEB00BC54CE /* Base */,
			);
			name = MRDefaultView.xib;
			sourceTree = "<group>";
		};
		CF665A19209B181A009EF6A6 /* Main.storyboard */ = {
			isa = PBXVariantGroup;
			children = (
				CF665A1A209B181A009EF6A6 /* Base */,
			);
			name = Main.storyboard;
			sourceTree = "<group>";
		};
		CF665A1E209B181B009EF6A6 /* LaunchScreen.storyboard */ = {
			isa = PBXVariantGroup;
			children = (
				CF665A1F209B181B009EF6A6 /* Base */,
			);
			name = LaunchScreen.storyboard;
			sourceTree = "<group>";
		};
/* End PBXVariantGroup section */

/* Begin XCBuildConfiguration section */
		CF665A3A209B181B009EF6A6 /* Debug */ = {
			isa = XCBuildConfiguration;
			buildSettings = {
				ALWAYS_SEARCH_USER_PATHS = NO;
				CLANG_ANALYZER_LOCALIZABILITY_NONLOCALIZED = YES;
				CLANG_ANALYZER_NONNULL = YES;
				CLANG_ANALYZER_NUMBER_OBJECT_CONVERSION = YES_AGGRESSIVE;
				CLANG_CXX_LANGUAGE_STANDARD = "gnu++14";
				CLANG_CXX_LIBRARY = "libc++";
				CLANG_ENABLE_MODULES = YES;
				CLANG_ENABLE_OBJC_ARC = YES;
				CLANG_ENABLE_OBJC_WEAK = YES;
				CLANG_WARN_BLOCK_CAPTURE_AUTORELEASING = YES;
				CLANG_WARN_BOOL_CONVERSION = YES;
				CLANG_WARN_COMMA = YES;
				CLANG_WARN_CONSTANT_CONVERSION = YES;
				CLANG_WARN_DEPRECATED_OBJC_IMPLEMENTATIONS = YES;
				CLANG_WARN_DIRECT_OBJC_ISA_USAGE = YES_ERROR;
				CLANG_WARN_DOCUMENTATION_COMMENTS = YES;
				CLANG_WARN_EMPTY_BODY = YES;
				CLANG_WARN_ENUM_CONVERSION = YES;
				CLANG_WARN_INFINITE_RECURSION = YES;
				CLANG_WARN_INT_CONVERSION = YES;
				CLANG_WARN_NON_LITERAL_NULL_CONVERSION = YES;
				CLANG_WARN_OBJC_IMPLICIT_RETAIN_SELF = YES;
				CLANG_WARN_OBJC_LITERAL_CONVERSION = YES;
				CLANG_WARN_OBJC_ROOT_CLASS = YES_ERROR;
				CLANG_WARN_RANGE_LOOP_ANALYSIS = YES;
				CLANG_WARN_STRICT_PROTOTYPES = YES;
				CLANG_WARN_SUSPICIOUS_MOVE = YES;
				CLANG_WARN_UNGUARDED_AVAILABILITY = YES_AGGRESSIVE;
				CLANG_WARN_UNREACHABLE_CODE = YES;
				CLANG_WARN__DUPLICATE_METHOD_MATCH = YES;
				CODE_SIGN_IDENTITY = "iPhone Developer";
				COPY_PHASE_STRIP = NO;
				DEBUG_INFORMATION_FORMAT = dwarf;
				ENABLE_STRICT_OBJC_MSGSEND = YES;
				ENABLE_TESTABILITY = YES;
				GCC_C_LANGUAGE_STANDARD = gnu11;
				GCC_DYNAMIC_NO_PIC = NO;
				GCC_NO_COMMON_BLOCKS = YES;
				GCC_OPTIMIZATION_LEVEL = 0;
				GCC_PREFIX_HEADER = "$(SRCROOT)/Contents/Resource/PrefixHeader.pch";
				GCC_PREPROCESSOR_DEFINITIONS = (
					"DEBUG=1",
					"$(inherited)",
				);
				GCC_WARN_64_TO_32_BIT_CONVERSION = YES;
				GCC_WARN_ABOUT_RETURN_TYPE = YES_ERROR;
				GCC_WARN_UNDECLARED_SELECTOR = YES;
				GCC_WARN_UNINITIALIZED_AUTOS = YES_AGGRESSIVE;
				GCC_WARN_UNUSED_FUNCTION = YES;
				GCC_WARN_UNUSED_VARIABLE = YES;
				IPHONEOS_DEPLOYMENT_TARGET = 12.0;
				MTL_ENABLE_DEBUG_INFO = YES;
				ONLY_ACTIVE_ARCH = YES;
				SDKROOT = iphoneos;
			};
			name = Debug;
		};
		CF665A3B209B181B009EF6A6 /* Release */ = {
			isa = XCBuildConfiguration;
			buildSettings = {
				ALWAYS_SEARCH_USER_PATHS = NO;
				CLANG_ANALYZER_LOCALIZABILITY_NONLOCALIZED = YES;
				CLANG_ANALYZER_NONNULL = YES;
				CLANG_ANALYZER_NUMBER_OBJECT_CONVERSION = YES_AGGRESSIVE;
				CLANG_CXX_LANGUAGE_STANDARD = "gnu++14";
				CLANG_CXX_LIBRARY = "libc++";
				CLANG_ENABLE_MODULES = YES;
				CLANG_ENABLE_OBJC_ARC = YES;
				CLANG_ENABLE_OBJC_WEAK = YES;
				CLANG_WARN_BLOCK_CAPTURE_AUTORELEASING = YES;
				CLANG_WARN_BOOL_CONVERSION = YES;
				CLANG_WARN_COMMA = YES;
				CLANG_WARN_CONSTANT_CONVERSION = YES;
				CLANG_WARN_DEPRECATED_OBJC_IMPLEMENTATIONS = YES;
				CLANG_WARN_DIRECT_OBJC_ISA_USAGE = YES_ERROR;
				CLANG_WARN_DOCUMENTATION_COMMENTS = YES;
				CLANG_WARN_EMPTY_BODY = YES;
				CLANG_WARN_ENUM_CONVERSION = YES;
				CLANG_WARN_INFINITE_RECURSION = YES;
				CLANG_WARN_INT_CONVERSION = YES;
				CLANG_WARN_NON_LITERAL_NULL_CONVERSION = YES;
				CLANG_WARN_OBJC_IMPLICIT_RETAIN_SELF = YES;
				CLANG_WARN_OBJC_LITERAL_CONVERSION = YES;
				CLANG_WARN_OBJC_ROOT_CLASS = YES_ERROR;
				CLANG_WARN_RANGE_LOOP_ANALYSIS = YES;
				CLANG_WARN_STRICT_PROTOTYPES = YES;
				CLANG_WARN_SUSPICIOUS_MOVE = YES;
				CLANG_WARN_UNGUARDED_AVAILABILITY = YES_AGGRESSIVE;
				CLANG_WARN_UNREACHABLE_CODE = YES;
				CLANG_WARN__DUPLICATE_METHOD_MATCH = YES;
				CODE_SIGN_IDENTITY = "iPhone Developer";
				COPY_PHASE_STRIP = NO;
				DEBUG_INFORMATION_FORMAT = "dwarf-with-dsym";
				ENABLE_NS_ASSERTIONS = NO;
				ENABLE_STRICT_OBJC_MSGSEND = YES;
				GCC_C_LANGUAGE_STANDARD = gnu11;
				GCC_NO_COMMON_BLOCKS = YES;
				GCC_PREFIX_HEADER = "$(SRCROOT)/Contents/Resource/PrefixHeader.pch";
				GCC_WARN_64_TO_32_BIT_CONVERSION = YES;
				GCC_WARN_ABOUT_RETURN_TYPE = YES_ERROR;
				GCC_WARN_UNDECLARED_SELECTOR = YES;
				GCC_WARN_UNINITIALIZED_AUTOS = YES_AGGRESSIVE;
				GCC_WARN_UNUSED_FUNCTION = YES;
				GCC_WARN_UNUSED_VARIABLE = YES;
				IPHONEOS_DEPLOYMENT_TARGET = 12.0;
				MTL_ENABLE_DEBUG_INFO = NO;
				SDKROOT = iphoneos;
				VALIDATE_PRODUCT = YES;
			};
			name = Release;
		};
		CF665A3D209B181B009EF6A6 /* Debug */ = {
			isa = XCBuildConfiguration;
			buildSettings = {
				ASSETCATALOG_COMPILER_APPICON_NAME = AppIcon;
				CODE_SIGN_STYLE = Automatic;
				CURRENT_PROJECT_VERSION = 1.7.0;
				DEVELOPMENT_TEAM = TF253L9KC9;
				ENABLE_BITCODE = NO;
				FRAMEWORK_SEARCH_PATHS = (
					"$(inherited)",
					"$(PROJECT_DIR)",
				);
				INFOPLIST_FILE = MegaRingBLE/Info.plist;
				LD_RUNPATH_SEARCH_PATHS = (
					"$(inherited)",
					"@executable_path/Frameworks",
				);
				MARKETING_VERSION = 1.7.0;
				PRODUCT_BUNDLE_IDENTIFIER = com.megahealth.MegaRingBLE;
				PRODUCT_NAME = "$(TARGET_NAME)";
				TARGETED_DEVICE_FAMILY = 1;
			};
			name = Debug;
		};
		CF665A3E209B181B009EF6A6 /* Release */ = {
			isa = XCBuildConfiguration;
			buildSettings = {
				ASSETCATALOG_COMPILER_APPICON_NAME = AppIcon;
				CODE_SIGN_STYLE = Automatic;
				CURRENT_PROJECT_VERSION = 1.7.0;
				DEVELOPMENT_TEAM = TF253L9KC9;
				ENABLE_BITCODE = NO;
				FRAMEWORK_SEARCH_PATHS = (
					"$(inherited)",
					"$(PROJECT_DIR)",
				);
				INFOPLIST_FILE = MegaRingBLE/Info.plist;
				LD_RUNPATH_SEARCH_PATHS = (
					"$(inherited)",
					"@executable_path/Frameworks",
				);
				MARKETING_VERSION = 1.7.0;
				PRODUCT_BUNDLE_IDENTIFIER = com.megahealth.MegaRingBLE;
				PRODUCT_NAME = "$(TARGET_NAME)";
				TARGETED_DEVICE_FAMILY = 1;
			};
			name = Release;
		};
		CF665A40209B181B009EF6A6 /* Debug */ = {
			isa = XCBuildConfiguration;
			buildSettings = {
				BUNDLE_LOADER = "$(TEST_HOST)";
				CODE_SIGN_STYLE = Automatic;
				DEVELOPMENT_TEAM = TF253L9KC9;
				INFOPLIST_FILE = MegaRingBLETests/Info.plist;
				LD_RUNPATH_SEARCH_PATHS = (
					"$(inherited)",
					"@executable_path/Frameworks",
					"@loader_path/Frameworks",
				);
				PRODUCT_BUNDLE_IDENTIFIER = com.megahealth.MegaRingBLETests;
				PRODUCT_NAME = "$(TARGET_NAME)";
				TARGETED_DEVICE_FAMILY = "1,2";
				TEST_HOST = "$(BUILT_PRODUCTS_DIR)/MegaRingBLE.app/MegaRingBLE";
			};
			name = Debug;
		};
		CF665A41209B181B009EF6A6 /* Release */ = {
			isa = XCBuildConfiguration;
			buildSettings = {
				BUNDLE_LOADER = "$(TEST_HOST)";
				CODE_SIGN_STYLE = Automatic;
				DEVELOPMENT_TEAM = TF253L9KC9;
				INFOPLIST_FILE = MegaRingBLETests/Info.plist;
				LD_RUNPATH_SEARCH_PATHS = (
					"$(inherited)",
					"@executable_path/Frameworks",
					"@loader_path/Frameworks",
				);
				PRODUCT_BUNDLE_IDENTIFIER = com.megahealth.MegaRingBLETests;
				PRODUCT_NAME = "$(TARGET_NAME)";
				TARGETED_DEVICE_FAMILY = "1,2";
				TEST_HOST = "$(BUILT_PRODUCTS_DIR)/MegaRingBLE.app/MegaRingBLE";
			};
			name = Release;
		};
		CF665A43209B181B009EF6A6 /* Debug */ = {
			isa = XCBuildConfiguration;
			buildSettings = {
				CODE_SIGN_STYLE = Automatic;
				DEVELOPMENT_TEAM = TF253L9KC9;
				INFOPLIST_FILE = MegaRingBLEUITests/Info.plist;
				LD_RUNPATH_SEARCH_PATHS = (
					"$(inherited)",
					"@executable_path/Frameworks",
					"@loader_path/Frameworks",
				);
				PRODUCT_BUNDLE_IDENTIFIER = com.megahealth.MegaRingBLEUITests;
				PRODUCT_NAME = "$(TARGET_NAME)";
				TARGETED_DEVICE_FAMILY = "1,2";
				TEST_TARGET_NAME = MegaRingBLE;
			};
			name = Debug;
		};
		CF665A44209B181B009EF6A6 /* Release */ = {
			isa = XCBuildConfiguration;
			buildSettings = {
				CODE_SIGN_STYLE = Automatic;
				DEVELOPMENT_TEAM = TF253L9KC9;
				INFOPLIST_FILE = MegaRingBLEUITests/Info.plist;
				LD_RUNPATH_SEARCH_PATHS = (
					"$(inherited)",
					"@executable_path/Frameworks",
					"@loader_path/Frameworks",
				);
				PRODUCT_BUNDLE_IDENTIFIER = com.megahealth.MegaRingBLEUITests;
				PRODUCT_NAME = "$(TARGET_NAME)";
				TARGETED_DEVICE_FAMILY = "1,2";
				TEST_TARGET_NAME = MegaRingBLE;
			};
			name = Release;
		};
/* End XCBuildConfiguration section */

/* Begin XCConfigurationList section */
		CF665A0B209B181A009EF6A6 /* Build configuration list for PBXProject "MegaRingBLE" */ = {
			isa = XCConfigurationList;
			buildConfigurations = (
				CF665A3A209B181B009EF6A6 /* Debug */,
				CF665A3B209B181B009EF6A6 /* Release */,
			);
			defaultConfigurationIsVisible = 0;
			defaultConfigurationName = Release;
		};
		CF665A3C209B181B009EF6A6 /* Build configuration list for PBXNativeTarget "MegaRingBLE" */ = {
			isa = XCConfigurationList;
			buildConfigurations = (
				CF665A3D209B181B009EF6A6 /* Debug */,
				CF665A3E209B181B009EF6A6 /* Release */,
			);
			defaultConfigurationIsVisible = 0;
			defaultConfigurationName = Release;
		};
		CF665A3F209B181B009EF6A6 /* Build configuration list for PBXNativeTarget "MegaRingBLETests" */ = {
			isa = XCConfigurationList;
			buildConfigurations = (
				CF665A40209B181B009EF6A6 /* Debug */,
				CF665A41209B181B009EF6A6 /* Release */,
			);
			defaultConfigurationIsVisible = 0;
			defaultConfigurationName = Release;
		};
		CF665A42209B181B009EF6A6 /* Build configuration list for PBXNativeTarget "MegaRingBLEUITests" */ = {
			isa = XCConfigurationList;
			buildConfigurations = (
				CF665A43209B181B009EF6A6 /* Debug */,
				CF665A44209B181B009EF6A6 /* Release */,
			);
			defaultConfigurationIsVisible = 0;
			defaultConfigurationName = Release;
		};
/* End XCConfigurationList section */
	};
	rootObject = CF665A08209B181A009EF6A6 /* Project object */;
}
